
Microsoft Visual Studio Solution File, Format Version 12.00
# Visual Studio 15
VisualStudioVersion = 15.0.28307.705
MinimumVisualStudioVersion = 10.0.40219.1
Project("{8BC9CEB8-8B4A-11D0-8D11-00A0C91BC942}") = "SystemServices", "SystemServices\SystemServices.vcxproj", "{B0EE0994-1953-45E9-9604-C7CDE9D7F865}"
	ProjectSection(ProjectDependencies) = postProject
		{1445A248-F7A7-4D95-B9C5-B7107715482C} = {1445A248-F7A7-4D95-B9C5-B7107715482C}
		{0ADB8D54-D653-4067-B606-71135F91F55F} = {0ADB8D54-D653-4067-B606-71135F91F55F}
		{6BAB9CD6-3980-4B4C-9206-E3014908A25F} = {6BAB9CD6-3980-4B4C-9206-E3014908A25F}
	EndProjectSection
EndProject
Project("{8BC9CEB8-8B4A-11D0-8D11-00A0C91BC942}") = "CreateAnStartServices", "..\CreateAnStartServices\CreateAnStartServices.vcxproj", "{D6F50900-2250-4AF9-98FD-1E6BEBA9535C}"
EndProject
Project("{2150E333-8FDC-42A3-9474-1A3956D46DE8}") = "DriverManger", "DriverManger", "{87A46E8B-9D73-4321-A249-03B6DB3F3F7D}"
EndProject
Project("{2150E333-8FDC-42A3-9474-1A3956D46DE8}") = "FileManger", "FileManger", "{A459A795-B418-4DA9-86F4-A1E68ECAEA34}"
EndProject
Project("{2150E333-8FDC-42A3-9474-1A3956D46DE8}") = "ServiceManger", "ServiceManger", "{9C085A37-60AC-49D6-96BE-92346C1C4E09}"
EndProject
Project("{2150E333-8FDC-42A3-9474-1A3956D46DE8}") = "ResourceManger", "ResourceManger", "{09FB1CA7-A7B1-41D5-BE2E-A5F92D9EA257}"
EndProject
Project("{2150E333-8FDC-42A3-9474-1A3956D46DE8}") = "ProcessManger", "ProcessManger", "{7E3BAE8B-E3C0-45CC-B26A-4082B7D42B47}"
EndProject
Project("{2150E333-8FDC-42A3-9474-1A3956D46DE8}") = "Other", "Other", "{2EB2FBA8-FF1D-41D2-A466-F1AF8867AFA9}"
EndProject
Project("{2150E333-8FDC-42A3-9474-1A3956D46DE8}") = "HOOK", "HOOK", "{9B5EEB90-B2AC-4EC7-A4AF-0CD00F4D6198}"
EndProject
Project("{2150E333-8FDC-42A3-9474-1A3956D46DE8}") = "DllInject", "DllInject", "{45392F0B-6481-402F-A530-C2DEE6BFE441}"
EndProject
Project("{8BC9CEB8-8B4A-11D0-8D11-00A0C91BC942}") = "DriverOccFile", "..\DriverManger\DriverOccFile\DriverOccFile.vcxproj", "{28504793-BFB7-41B9-BAAD-841F4EE9ABFC}"
EndProject
Project("{8BC9CEB8-8B4A-11D0-8D11-00A0C91BC942}") = "ObRegsisterCallBack", "..\DriverManger\ObRegsisterCallBack\ObRegsisterCallBack.vcxproj", "{2A0CFCEA-53E9-4982-BF1B-CE44745CBDE0}"
EndProject
Project("{8BC9CEB8-8B4A-11D0-8D11-00A0C91BC942}") = "DupLicateHandleProtectFile", "..\FileManger\DupLicateHandleProtectFile\DupLicateHandleProtectFile.vcxproj", "{52B959FD-FAE3-449E-912C-1BB789CFE1D4}"
EndProject
Project("{8BC9CEB8-8B4A-11D0-8D11-00A0C91BC942}") = "Ring3ReleaseOccupationFile", "..\FileManger\Ring3ReleaseOccupationFile\Ring3ReleaseOccupationFile.vcxproj", "{9A8D8A0F-3916-4991-ABA6-5D1F2ED73952}"
EndProject
Project("{8BC9CEB8-8B4A-11D0-8D11-00A0C91BC942}") = "SingleInstance", "..\Other\SingleInstance\SingleInstance.vcxproj", "{726FDD09-BF9C-4B08-A460-E35211404219}"
EndProject
Project("{8BC9CEB8-8B4A-11D0-8D11-00A0C91BC942}") = "ResourceRelease", "..\ResourceManger\ResourceRelease\ResourceRelease.vcxproj", "{C6D7A30D-6CC8-4386-B1CE-B4EB8BDB26D2}"
EndProject
Project("{2150E333-8FDC-42A3-9474-1A3956D46DE8}") = "SetWindowHook", "SetWindowHook", "{B535A685-EDAD-422C-9293-3753463ECBC8}"
EndProject
Project("{8BC9CEB8-8B4A-11D0-8D11-00A0C91BC942}") = "GlobalInjectAnHook", "..\DllInject\SetWindowHook\GlobalInjectAnHook\GlobalInjectAnHook.vcxproj", "{CF648B01-8D54-4095-AF18-FA3F56F0C0D6}"
EndProject
Project("{8BC9CEB8-8B4A-11D0-8D11-00A0C91BC942}") = "Hook", "..\DllInject\SetWindowHook\Hook\Hook.vcxproj", "{F6E86F42-7EAB-4D5A-9256-ABFFBAF6CF8F}"
EndProject
Project("{2150E333-8FDC-42A3-9474-1A3956D46DE8}") = "MmRemoteInject", "MmRemoteInject", "{30AC37C4-2B20-49A0-9D78-92F02CF65535}"
EndProject
Project("{8BC9CEB8-8B4A-11D0-8D11-00A0C91BC942}") = "MmRemoteThread", "..\DllInject\MmRemoteThread\MmRemoteThread\MmRemoteThread.vcxproj", "{10243ED8-2B04-4E6F-88A4-B33C758DD489}"
EndProject
Project("{8BC9CEB8-8B4A-11D0-8D11-00A0C91BC942}") = "ProcessIterator", "..\ProcessManger\ProcessIterator\ProcessIterator.vcxproj", "{6BAB9CD6-3980-4B4C-9206-E3014908A25F}"
EndProject
Project("{2150E333-8FDC-42A3-9474-1A3956D46DE8}") = "CreateThreadRemoteInject", "CreateThreadRemoteInject", "{5E91C075-A422-4279-A145-6C4FEFB966F2}"
EndProject
Project("{8BC9CEB8-8B4A-11D0-8D11-00A0C91BC942}") = "RemoteThreadDllInject", "..\DllInject\CreateThreadRemoteInject\RemoteThreadDllInject\RemoteThreadDllInject.vcxproj", "{257D7D52-D624-4E83-93DD-E5FF9272F997}"
EndProject
Project("{2150E333-8FDC-42A3-9474-1A3956D46DE8}") = "RuleCollection", "RuleCollection", "{ED94D986-5F82-4687-8BCA-6AD5CA413B81}"
EndProject
Project("{2150E333-8FDC-42A3-9474-1A3956D46DE8}") = "RegRuleCollection", "RegRuleCollection", "{BA496582-A5B1-4D1C-A015-3ACFA7CFDE46}"
EndProject
Project("{8BC9CEB8-8B4A-11D0-8D11-00A0C91BC942}") = "RegRuleCollection", "..\RuleCollection\RegRuleCollection\RegRuleCollection\RegRuleCollection.vcxproj", "{580C9A8F-3AC5-493B-9C11-D8165454B532}"
EndProject
Project("{2150E333-8FDC-42A3-9474-1A3956D46DE8}") = "TestCode", "TestCode", "{EED88E74-D035-43CF-A094-A462DD06E1C7}"
EndProject
Project("{8BC9CEB8-8B4A-11D0-8D11-00A0C91BC942}") = "Ring3TestCode", "..\TestCode\Ring3TestCode\Ring3TestCode.vcxproj", "{2CC43844-52C7-48CF-A58D-D5F86522B664}"
EndProject
Project("{2150E333-8FDC-42A3-9474-1A3956D46DE8}") = "UI", "UI", "{696732C1-03E1-4F5C-A42B-41A572E8EF4A}"
EndProject
Project("{8BC9CEB8-8B4A-11D0-8D11-00A0C91BC942}") = "MyArk", "..\Duilib\MyUi\MyArk\MyArk.vcxproj", "{8FADE28D-D31A-419E-823C-7CC3E34744AD}"
EndProject
Project("{2150E333-8FDC-42A3-9474-1A3956D46DE8}") = "ArkUtil", "ArkUtil", "{253FC8F6-F80F-4493-ABAA-C63C44DA9A6D}"
EndProject
Project("{2150E333-8FDC-42A3-9474-1A3956D46DE8}") = "InternetBarPlugin", "InternetBarPlugin", "{4018EF88-402C-4A1C-87FB-139E0400A640}"
EndProject
Project("{8BC9CEB8-8B4A-11D0-8D11-00A0C91BC942}") = "GetProcessCommandLieSuspendProcess", "..\InternetBarPlugin\GetProcessCommandLieSuspendProcess\GetProcessCommandLieSuspendProcess.vcxproj", "{D8118999-836E-48E0-889E-B4E75995057D}"
EndProject
Project("{8BC9CEB8-8B4A-11D0-8D11-00A0C91BC942}") = "KillProcess", "..\DriverManger\TestDriver\TestDriver.vcxproj", "{A523B849-C9A3-4A92-894D-1FDBC4A34BDC}"
EndProject
Project("{8BC9CEB8-8B4A-11D0-8D11-00A0C91BC942}") = "ring3ring0Message", "..\DriverManger\ring3ring0Message\ring3ring0Message.vcxproj", "{298EB7D4-AE5A-45FB-A027-673F54293035}"
EndProject
Project("{8BC9CEB8-8B4A-11D0-8D11-00A0C91BC942}") = "CreatLinkFile", "..\FileManger\CreatLinkFile\CreatLinkFile.vcxproj", "{C6520925-3CF2-48E2-AA84-F73693D4005B}"
EndProject
Project("{2150E333-8FDC-42A3-9474-1A3956D46DE8}") = "ThreadManger", "ThreadManger", "{477278E9-A364-4D3B-BADF-23E5499FA6B7}"
EndProject
Project("{8BC9CEB8-8B4A-11D0-8D11-00A0C91BC942}") = "RemoteThread", "..\ThreadManger\RemoteThread\RemoteThread.vcxproj", "{36E63243-8101-45AB-8106-FAE53F0C7937}"
EndProject
Project("{2150E333-8FDC-42A3-9474-1A3956D46DE8}") = "Securityinfo", "Securityinfo", "{39B329C9-1234-41D8-B366-B95A5DF7E9F2}"
EndProject
Project("{8BC9CEB8-8B4A-11D0-8D11-00A0C91BC942}") = "SETDACL", "..\SecurityInfo\SETDACL\SETDACL.vcxproj", "{B1626A07-6632-4681-ACC6-39B6BD25C90E}"
EndProject
Project("{8BC9CEB8-8B4A-11D0-8D11-00A0C91BC942}") = "Inject", "..\DllInject\CreateThreadRemoteInject\InjectDll\Inject\Inject.vcxproj", "{08B4DA49-27BE-4C21-BED2-106A1F1E89BE}"
EndProject
Project("{8BC9CEB8-8B4A-11D0-8D11-00A0C91BC942}") = "ShellCode", "..\ThreadManger\ShellCode\ShellCode\ShellCode.vcxproj", "{9CAA2B0C-EF98-4D09-99E7-88AA8464504A}"
EndProject
Project("{8BC9CEB8-8B4A-11D0-8D11-00A0C91BC942}") = "IATInject", "..\DllInject\IATInject\IATInject.vcxproj", "{6DDB528D-A631-4094-9D57-98553A00C9D6}"
EndProject
Project("{2150E333-8FDC-42A3-9474-1A3956D46DE8}") = "IAT", "IAT", "{45E147F3-781B-48CD-936C-12AE723A00AF}"
EndProject
Project("{8BC9CEB8-8B4A-11D0-8D11-00A0C91BC942}") = "ReadShardMemory", "..\Other\ReadShardMemory\ReadShardMemory.vcxproj", "{83053A61-82C3-4C58-B8DD-83223275DF76}"
EndProject
Project("{8BC9CEB8-8B4A-11D0-8D11-00A0C91BC942}") = "CFileManger", "..\FileManger\CFileManger\CFileManger.vcxproj", "{1445A248-F7A7-4D95-B9C5-B7107715482C}"
EndProject
Project("{8BC9CEB8-8B4A-11D0-8D11-00A0C91BC942}") = "Ring3WinMain", "..\TestCode\Ring3WinMain\Ring3WinMain.vcxproj", "{021B5090-F09B-4C13-9C61-533C59723E9D}"
EndProject
Project("{2150E333-8FDC-42A3-9474-1A3956D46DE8}") = "KillXX_IElock", "KillXX_IElock", "{7A0C621E-C447-4C0E-BDF7-CD8B413AFD27}"
EndProject
Project("{8BC9CEB8-8B4A-11D0-8D11-00A0C91BC942}") = "proDll", "..\InternetBarPlugin\Kill_IElock\proDll\proDll.vcxproj", "{CEE0F311-B16D-4A8E-A3B9-C4592D122265}"
EndProject
Project("{8BC9CEB8-8B4A-11D0-8D11-00A0C91BC942}") = "KillXX_IElock", "..\InternetBarPlugin\Kill_IElock\KillXX_IElock\KillXX_IElock.vcxproj", "{5F2B3ABA-9B8F-4334-92EC-E0100D1775E5}"
EndProject
Project("{8BC9CEB8-8B4A-11D0-8D11-00A0C91BC942}") = "Inject", "..\InternetBarPlugin\Kill_IElock\Inject\Inject.vcxproj", "{2CA161C2-C6AC-4722-AB81-875B36F14287}"
EndProject
Project("{2150E333-8FDC-42A3-9474-1A3956D46DE8}") = "SusPenProcess", "SusPenProcess", "{EF8C17B1-FB97-4530-8A62-AB77827F925D}"
EndProject
Project("{2150E333-8FDC-42A3-9474-1A3956D46DE8}") = "FileOpt", "FileOpt", "{898C7C7F-9B5B-4DC7-98EF-E3A2588B03C7}"
EndProject
Project("{8BC9CEB8-8B4A-11D0-8D11-00A0C91BC942}") = "OccuXbstartFile", "..\InternetBarPlugin\FileOpt\OccuXbstartFile\OccuXbstartFile.vcxproj", "{35F1284E-FB54-47B2-8205-D128840ADA83}"
EndProject
Project("{2150E333-8FDC-42A3-9474-1A3956D46DE8}") = "RegManger", "RegManger", "{BBD1E712-CE2D-4CFD-81AB-FEEB74B932DA}"
EndProject
Project("{8BC9CEB8-8B4A-11D0-8D11-00A0C91BC942}") = "RegManger", "..\RegManger\RegManger\RegManger.vcxproj", "{B3B7AD74-636E-4BBC-83CA-4D45C1C3306E}"
EndProject
Project("{2150E333-8FDC-42A3-9474-1A3956D46DE8}") = "XbHelpInterFace", "XbHelpInterFace", "{C88C1BC8-DB6F-4189-9F37-EE1F4DD045D5}"
EndProject
Project("{8BC9CEB8-8B4A-11D0-8D11-00A0C91BC942}") = "xb_helper", "..\InternetBarPlugin\XbHelpInterFace\xb_helper\xb_helper.vcxproj", "{72BEBD37-0FD3-4F20-A98B-F177A7896B7F}"
EndProject
Project("{2150E333-8FDC-42A3-9474-1A3956D46DE8}") = "ClassManger", "ClassManger", "{5B036A55-A570-4A16-8D15-BC900D1718E6}"
EndProject
Project("{8BC9CEB8-8B4A-11D0-8D11-00A0C91BC942}") = "CNativeApi", "..\ClassManger\CNativeApi\CNativeApi.vcxproj", "{0ADB8D54-D653-4067-B606-71135F91F55F}"
EndProject
Project("{8BC9CEB8-8B4A-11D0-8D11-00A0C91BC942}") = "ProcessTestCode", "..\ProcessManger\ProcessTestCode\ProcessTestCode.vcxproj", "{85C14792-D57D-4E82-9B8C-ABF3FC962843}"
EndProject
Project("{2150E333-8FDC-42A3-9474-1A3956D46DE8}") = "DllHack", "DllHack", "{22F24E75-B32E-4B3F-9669-5A839DECB744}"
EndProject
Project("{8BC9CEB8-8B4A-11D0-8D11-00A0C91BC942}") = "lpk", "..\DllInject\DllHack\lpk\lpk.vcxproj", "{8EABAFC3-1947-4A64-8F33-A6FBC3D23EA3}"
EndProject
Project("{8BC9CEB8-8B4A-11D0-8D11-00A0C91BC942}") = "CreateMyDacl", "..\SecurityInfo\CreateMyDacl\CreateMyDacl.vcxproj", "{E9DE2F6E-C498-403D-95EC-3D6401397DB8}"
EndProject
Project("{8BC9CEB8-8B4A-11D0-8D11-00A0C91BC942}") = "SetAcl", "..\SecurityInfo\SetAcl\SetAcl.vcxproj", "{9968FE09-84E5-43C6-9B19-C8F6C67C2711}"
EndProject
Project("{8BC9CEB8-8B4A-11D0-8D11-00A0C91BC942}") = "version_win10", "..\DllInject\DllHack\version_win10\version_win10.vcxproj", "{102868B5-36ED-4914-BD8A-9A6E6150F2A1}"
EndProject
Project("{8BC9CEB8-8B4A-11D0-8D11-00A0C91BC942}") = "ChangeAcl", "..\SecurityInfo\ChangeAcl\ChangeAcl.vcxproj", "{9F699239-BC77-4873-8890-F7ACDC611D80}"
EndProject
Project("{8BC9CEB8-8B4A-11D0-8D11-00A0C91BC942}") = "PeManger", "..\PeManger\PeManger\PeManger.vcxproj", "{4236AD98-15BC-4665-9279-FE304C262C6C}"
EndProject
Project("{8BC9CEB8-8B4A-11D0-8D11-00A0C91BC942}") = "CmRegCallBack", "..\DriverManger\CmRegCallBack\CmRegCallBack.vcxproj", "{03D5FC08-CC43-4B61-A224-B45469750E5F}"
EndProject
Project("{8BC9CEB8-8B4A-11D0-8D11-00A0C91BC942}") = "NoProtect", "..\DriverManger\NoProtect\NoProtect.vcxproj", "{0A4154E9-5ABB-4A8E-9894-E6DDB0D4A134}"
EndProject
Project("{8BC9CEB8-8B4A-11D0-8D11-00A0C91BC942}") = "MyRegisterCallBack", "..\DriverManger\MyRegisterCallBack\MyRegisterCallBack.vcxproj", "{92BF2967-0591-413B-BF73-A0DDE8216741}"
EndProject
Project("{8BC9CEB8-8B4A-11D0-8D11-00A0C91BC942}") = "RemoveCmCallBack", "..\DriverManger\RemoveCmCallBack\RemoveCmCallBack.vcxproj", "{6CF283F4-6A25-4547-909F-FB8F86120BC8}"
EndProject
Project("{8BC9CEB8-8B4A-11D0-8D11-00A0C91BC942}") = "NoModelDll", "..\DllInject\NoModelDll\NoModelDll\NoModelDll.vcxproj", "{5C970AB7-536E-48F8-A51D-BC75FE1CB8C1}"
EndProject
Project("{2150E333-8FDC-42A3-9474-1A3956D46DE8}") = "NoModel", "NoModel", "{A1D797FA-F7F5-49B6-8E60-A5C51EC4568E}"
EndProject
Project("{8BC9CEB8-8B4A-11D0-8D11-00A0C91BC942}") = "LoadDriver", "..\DriverManger\LoadDriver\LoadDriver.vcxproj", "{D9689F88-797E-43C3-B3BE-286A7FD4A824}"
EndProject
Project("{8BC9CEB8-8B4A-11D0-8D11-00A0C91BC942}") = "MyDllHack", "..\DllInject\DllHack\MyDllHack\MyDllHack.vcxproj", "{C60AEDF4-2BD8-4059-B2D1-CB2093B40C72}"
EndProject
Project("{8BC9CEB8-8B4A-11D0-8D11-00A0C91BC942}") = "CreateSupendProcessInject", "..\DllInject\CreateSupendProcessInject\CreateSupendProcessInject.vcxproj", "{6ABF99DE-19A1-4896-8735-B556289F627A}"
EndProject
Project("{8BC9CEB8-8B4A-11D0-8D11-00A0C91BC942}") = "IoFillterKeyClass", "..\DriverManger\IoFillterKeyClass\IoFillterKeyClass.vcxproj", "{AE48F8D7-DC74-48B6-9ABE-7028BA7EC367}"
EndProject
Project("{8BC9CEB8-8B4A-11D0-8D11-00A0C91BC942}") = "193_ExpandPluginIn", "..\InternetBarPlugin\193_ExpandPluginIn\193_ExpandPluginIn.vcxproj", "{D767D390-803C-489C-93F3-0F567E1E5C9B}"
EndProject
Project("{8BC9CEB8-8B4A-11D0-8D11-00A0C91BC942}") = "UrlGetPartA", "..\InternetBarPlugin\UrlGetPartA\UrlGetPartA.vcxproj", "{F78FD1A7-F38B-49B1-9BD6-DE78601FF0D9}"
EndProject
Project("{2150E333-8FDC-42A3-9474-1A3956D46DE8}") = "Socket", "Socket", "{2A13AA75-DA05-4A99-BBA7-B6E9D34CD49B}"
EndProject
Project("{8BC9CEB8-8B4A-11D0-8D11-00A0C91BC942}") = "On-Line-Updata_Service", "..\socket\On-Line-Updata_Service\On-Line-Updata_Service.vcxproj", "{0D8CE167-8CB5-4FB8-A75A-A37EB7D638B5}"
EndProject
Project("{8BC9CEB8-8B4A-11D0-8D11-00A0C91BC942}") = "198", "..\InternetBarPlugin\198\198.vcxproj", "{EFBB0386-37E5-4CD3-82F7-A1D64BE280F8}"
EndProject
Project("{8BC9CEB8-8B4A-11D0-8D11-00A0C91BC942}") = "198_Drv", "..\InternetBarPlugin\198_Drv\198_Drv.vcxproj", "{793AECB0-7348-444D-81DE-8423476E08E6}"
EndProject
Project("{8BC9CEB8-8B4A-11D0-8D11-00A0C91BC942}") = "198_DrvSys", "..\InternetBarPlugin\198_DrvSys\198_DrvSys.vcxproj", "{3D76B5B9-CAAE-4803-A42F-8D0BDA04A6CF}"
EndProject
Project("{8BC9CEB8-8B4A-11D0-8D11-00A0C91BC942}") = "test", "..\TestCode\test\test.vcxproj", "{F38D2C4A-90DE-48FB-9FED-1CA9CF59F4DB}"
EndProject
Project("{2150E333-8FDC-42A3-9474-1A3956D46DE8}") = "198_PluginIn", "198_PluginIn", "{3EFD499A-9C26-4B95-B643-8EF2068F6F73}"
EndProject
Project("{8BC9CEB8-8B4A-11D0-8D11-00A0C91BC942}") = "198_ConnectHook", "..\InternetBarPlugin\198Plugin\198_ConnectHook\198_ConnectHook.vcxproj", "{65F86FC9-BBDC-4C93-AE26-E7199190C9A0}"
EndProject
Project("{8BC9CEB8-8B4A-11D0-8D11-00A0C91BC942}") = "windowGlobal", "..\DllInject\SetWindowHook\windowGlobal\windowGlobal.vcxproj", "{7997E1CC-AC23-4928-8A67-77B737FE4FCA}"
EndProject
Project("{8BC9CEB8-8B4A-11D0-8D11-00A0C91BC942}") = "198_IP", "..\InternetBarPlugin\198Plugin\198_IP\198_IP.vcxproj", "{5E1D2FAE-2E75-4CCD-A01D-60399500D77B}"
EndProject
Global
	GlobalSection(SolutionConfigurationPlatforms) = preSolution
		Debug|ARM = Debug|ARM
		Debug|ARM64 = Debug|ARM64
		Debug|x64 = Debug|x64
		Debug|x86 = Debug|x86
		Release|ARM = Release|ARM
		Release|ARM64 = Release|ARM64
		Release|x64 = Release|x64
		Release|x86 = Release|x86
	EndGlobalSection
	GlobalSection(ProjectConfigurationPlatforms) = postSolution
		{B0EE0994-1953-45E9-9604-C7CDE9D7F865}.Debug|ARM.ActiveCfg = Debug|Win32
		{B0EE0994-1953-45E9-9604-C7CDE9D7F865}.Debug|ARM64.ActiveCfg = Debug|Win32
		{B0EE0994-1953-45E9-9604-C7CDE9D7F865}.Debug|x64.ActiveCfg = Debug|x64
		{B0EE0994-1953-45E9-9604-C7CDE9D7F865}.Debug|x64.Build.0 = Debug|x64
		{B0EE0994-1953-45E9-9604-C7CDE9D7F865}.Debug|x86.ActiveCfg = Debug|Win32
		{B0EE0994-1953-45E9-9604-C7CDE9D7F865}.Debug|x86.Build.0 = Debug|Win32
		{B0EE0994-1953-45E9-9604-C7CDE9D7F865}.Release|ARM.ActiveCfg = Release|Win32
		{B0EE0994-1953-45E9-9604-C7CDE9D7F865}.Release|ARM64.ActiveCfg = Release|Win32
		{B0EE0994-1953-45E9-9604-C7CDE9D7F865}.Release|x64.ActiveCfg = Release|x64
		{B0EE0994-1953-45E9-9604-C7CDE9D7F865}.Release|x64.Build.0 = Release|x64
		{B0EE0994-1953-45E9-9604-C7CDE9D7F865}.Release|x86.ActiveCfg = Release|Win32
		{B0EE0994-1953-45E9-9604-C7CDE9D7F865}.Release|x86.Build.0 = Release|Win32
		{D6F50900-2250-4AF9-98FD-1E6BEBA9535C}.Debug|ARM.ActiveCfg = Debug|Win32
		{D6F50900-2250-4AF9-98FD-1E6BEBA9535C}.Debug|ARM64.ActiveCfg = Debug|Win32
		{D6F50900-2250-4AF9-98FD-1E6BEBA9535C}.Debug|x64.ActiveCfg = Debug|x64
		{D6F50900-2250-4AF9-98FD-1E6BEBA9535C}.Debug|x64.Build.0 = Debug|x64
		{D6F50900-2250-4AF9-98FD-1E6BEBA9535C}.Debug|x86.ActiveCfg = Debug|Win32
		{D6F50900-2250-4AF9-98FD-1E6BEBA9535C}.Debug|x86.Build.0 = Debug|Win32
		{D6F50900-2250-4AF9-98FD-1E6BEBA9535C}.Release|ARM.ActiveCfg = Release|Win32
		{D6F50900-2250-4AF9-98FD-1E6BEBA9535C}.Release|ARM64.ActiveCfg = Release|Win32
		{D6F50900-2250-4AF9-98FD-1E6BEBA9535C}.Release|x64.ActiveCfg = Release|x64
		{D6F50900-2250-4AF9-98FD-1E6BEBA9535C}.Release|x64.Build.0 = Release|x64
		{D6F50900-2250-4AF9-98FD-1E6BEBA9535C}.Release|x86.ActiveCfg = Release|Win32
		{D6F50900-2250-4AF9-98FD-1E6BEBA9535C}.Release|x86.Build.0 = Release|Win32
		{28504793-BFB7-41B9-BAAD-841F4EE9ABFC}.Debug|ARM.ActiveCfg = Debug|ARM
		{28504793-BFB7-41B9-BAAD-841F4EE9ABFC}.Debug|ARM.Build.0 = Debug|ARM
		{28504793-BFB7-41B9-BAAD-841F4EE9ABFC}.Debug|ARM.Deploy.0 = Debug|ARM
		{28504793-BFB7-41B9-BAAD-841F4EE9ABFC}.Debug|ARM64.ActiveCfg = Debug|ARM64
		{28504793-BFB7-41B9-BAAD-841F4EE9ABFC}.Debug|ARM64.Build.0 = Debug|ARM64
		{28504793-BFB7-41B9-BAAD-841F4EE9ABFC}.Debug|ARM64.Deploy.0 = Debug|ARM64
		{28504793-BFB7-41B9-BAAD-841F4EE9ABFC}.Debug|x64.ActiveCfg = Debug|x64
		{28504793-BFB7-41B9-BAAD-841F4EE9ABFC}.Debug|x64.Build.0 = Debug|x64
		{28504793-BFB7-41B9-BAAD-841F4EE9ABFC}.Debug|x64.Deploy.0 = Debug|x64
		{28504793-BFB7-41B9-BAAD-841F4EE9ABFC}.Debug|x86.ActiveCfg = Debug|Win32
		{28504793-BFB7-41B9-BAAD-841F4EE9ABFC}.Debug|x86.Build.0 = Debug|Win32
		{28504793-BFB7-41B9-BAAD-841F4EE9ABFC}.Debug|x86.Deploy.0 = Debug|Win32
		{28504793-BFB7-41B9-BAAD-841F4EE9ABFC}.Release|ARM.ActiveCfg = Release|ARM
		{28504793-BFB7-41B9-BAAD-841F4EE9ABFC}.Release|ARM.Build.0 = Release|ARM
		{28504793-BFB7-41B9-BAAD-841F4EE9ABFC}.Release|ARM.Deploy.0 = Release|ARM
		{28504793-BFB7-41B9-BAAD-841F4EE9ABFC}.Release|ARM64.ActiveCfg = Release|ARM64
		{28504793-BFB7-41B9-BAAD-841F4EE9ABFC}.Release|ARM64.Build.0 = Release|ARM64
		{28504793-BFB7-41B9-BAAD-841F4EE9ABFC}.Release|ARM64.Deploy.0 = Release|ARM64
		{28504793-BFB7-41B9-BAAD-841F4EE9ABFC}.Release|x64.ActiveCfg = Release|x64
		{28504793-BFB7-41B9-BAAD-841F4EE9ABFC}.Release|x64.Build.0 = Release|x64
		{28504793-BFB7-41B9-BAAD-841F4EE9ABFC}.Release|x64.Deploy.0 = Release|x64
		{28504793-BFB7-41B9-BAAD-841F4EE9ABFC}.Release|x86.ActiveCfg = Release|Win32
		{28504793-BFB7-41B9-BAAD-841F4EE9ABFC}.Release|x86.Build.0 = Release|Win32
		{28504793-BFB7-41B9-BAAD-841F4EE9ABFC}.Release|x86.Deploy.0 = Release|Win32
		{2A0CFCEA-53E9-4982-BF1B-CE44745CBDE0}.Debug|ARM.ActiveCfg = Debug|ARM
		{2A0CFCEA-53E9-4982-BF1B-CE44745CBDE0}.Debug|ARM.Build.0 = Debug|ARM
		{2A0CFCEA-53E9-4982-BF1B-CE44745CBDE0}.Debug|ARM.Deploy.0 = Debug|ARM
		{2A0CFCEA-53E9-4982-BF1B-CE44745CBDE0}.Debug|ARM64.ActiveCfg = Debug|ARM64
		{2A0CFCEA-53E9-4982-BF1B-CE44745CBDE0}.Debug|ARM64.Build.0 = Debug|ARM64
		{2A0CFCEA-53E9-4982-BF1B-CE44745CBDE0}.Debug|ARM64.Deploy.0 = Debug|ARM64
		{2A0CFCEA-53E9-4982-BF1B-CE44745CBDE0}.Debug|x64.ActiveCfg = Debug|x64
		{2A0CFCEA-53E9-4982-BF1B-CE44745CBDE0}.Debug|x64.Build.0 = Debug|x64
		{2A0CFCEA-53E9-4982-BF1B-CE44745CBDE0}.Debug|x64.Deploy.0 = Debug|x64
		{2A0CFCEA-53E9-4982-BF1B-CE44745CBDE0}.Debug|x86.ActiveCfg = Debug|Win32
		{2A0CFCEA-53E9-4982-BF1B-CE44745CBDE0}.Debug|x86.Build.0 = Debug|Win32
		{2A0CFCEA-53E9-4982-BF1B-CE44745CBDE0}.Debug|x86.Deploy.0 = Debug|Win32
		{2A0CFCEA-53E9-4982-BF1B-CE44745CBDE0}.Release|ARM.ActiveCfg = Release|ARM
		{2A0CFCEA-53E9-4982-BF1B-CE44745CBDE0}.Release|ARM.Build.0 = Release|ARM
		{2A0CFCEA-53E9-4982-BF1B-CE44745CBDE0}.Release|ARM.Deploy.0 = Release|ARM
		{2A0CFCEA-53E9-4982-BF1B-CE44745CBDE0}.Release|ARM64.ActiveCfg = Release|ARM64
		{2A0CFCEA-53E9-4982-BF1B-CE44745CBDE0}.Release|ARM64.Build.0 = Release|ARM64
		{2A0CFCEA-53E9-4982-BF1B-CE44745CBDE0}.Release|ARM64.Deploy.0 = Release|ARM64
		{2A0CFCEA-53E9-4982-BF1B-CE44745CBDE0}.Release|x64.ActiveCfg = Release|x64
		{2A0CFCEA-53E9-4982-BF1B-CE44745CBDE0}.Release|x64.Build.0 = Release|x64
		{2A0CFCEA-53E9-4982-BF1B-CE44745CBDE0}.Release|x64.Deploy.0 = Release|x64
		{2A0CFCEA-53E9-4982-BF1B-CE44745CBDE0}.Release|x86.ActiveCfg = Release|Win32
		{2A0CFCEA-53E9-4982-BF1B-CE44745CBDE0}.Release|x86.Build.0 = Release|Win32
		{2A0CFCEA-53E9-4982-BF1B-CE44745CBDE0}.Release|x86.Deploy.0 = Release|Win32
		{52B959FD-FAE3-449E-912C-1BB789CFE1D4}.Debug|ARM.ActiveCfg = Debug|Win32
		{52B959FD-FAE3-449E-912C-1BB789CFE1D4}.Debug|ARM64.ActiveCfg = Debug|Win32
		{52B959FD-FAE3-449E-912C-1BB789CFE1D4}.Debug|x64.ActiveCfg = Debug|x64
		{52B959FD-FAE3-449E-912C-1BB789CFE1D4}.Debug|x64.Build.0 = Debug|x64
		{52B959FD-FAE3-449E-912C-1BB789CFE1D4}.Debug|x86.ActiveCfg = Debug|Win32
		{52B959FD-FAE3-449E-912C-1BB789CFE1D4}.Debug|x86.Build.0 = Debug|Win32
		{52B959FD-FAE3-449E-912C-1BB789CFE1D4}.Release|ARM.ActiveCfg = Release|Win32
		{52B959FD-FAE3-449E-912C-1BB789CFE1D4}.Release|ARM64.ActiveCfg = Release|Win32
		{52B959FD-FAE3-449E-912C-1BB789CFE1D4}.Release|x64.ActiveCfg = Release|x64
		{52B959FD-FAE3-449E-912C-1BB789CFE1D4}.Release|x64.Build.0 = Release|x64
		{52B959FD-FAE3-449E-912C-1BB789CFE1D4}.Release|x86.ActiveCfg = Release|Win32
		{52B959FD-FAE3-449E-912C-1BB789CFE1D4}.Release|x86.Build.0 = Release|Win32
		{9A8D8A0F-3916-4991-ABA6-5D1F2ED73952}.Debug|ARM.ActiveCfg = Debug|Win32
		{9A8D8A0F-3916-4991-ABA6-5D1F2ED73952}.Debug|ARM64.ActiveCfg = Debug|Win32
		{9A8D8A0F-3916-4991-ABA6-5D1F2ED73952}.Debug|x64.ActiveCfg = Debug|x64
		{9A8D8A0F-3916-4991-ABA6-5D1F2ED73952}.Debug|x64.Build.0 = Debug|x64
		{9A8D8A0F-3916-4991-ABA6-5D1F2ED73952}.Debug|x86.ActiveCfg = Debug|Win32
		{9A8D8A0F-3916-4991-ABA6-5D1F2ED73952}.Debug|x86.Build.0 = Debug|Win32
		{9A8D8A0F-3916-4991-ABA6-5D1F2ED73952}.Release|ARM.ActiveCfg = Release|Win32
		{9A8D8A0F-3916-4991-ABA6-5D1F2ED73952}.Release|ARM64.ActiveCfg = Release|Win32
		{9A8D8A0F-3916-4991-ABA6-5D1F2ED73952}.Release|x64.ActiveCfg = Release|x64
		{9A8D8A0F-3916-4991-ABA6-5D1F2ED73952}.Release|x64.Build.0 = Release|x64
		{9A8D8A0F-3916-4991-ABA6-5D1F2ED73952}.Release|x86.ActiveCfg = Release|Win32
		{9A8D8A0F-3916-4991-ABA6-5D1F2ED73952}.Release|x86.Build.0 = Release|Win32
		{726FDD09-BF9C-4B08-A460-E35211404219}.Debug|ARM.ActiveCfg = Debug|Win32
		{726FDD09-BF9C-4B08-A460-E35211404219}.Debug|ARM64.ActiveCfg = Debug|Win32
		{726FDD09-BF9C-4B08-A460-E35211404219}.Debug|x64.ActiveCfg = Debug|x64
		{726FDD09-BF9C-4B08-A460-E35211404219}.Debug|x64.Build.0 = Debug|x64
		{726FDD09-BF9C-4B08-A460-E35211404219}.Debug|x86.ActiveCfg = Debug|Win32
		{726FDD09-BF9C-4B08-A460-E35211404219}.Debug|x86.Build.0 = Debug|Win32
		{726FDD09-BF9C-4B08-A460-E35211404219}.Release|ARM.ActiveCfg = Release|Win32
		{726FDD09-BF9C-4B08-A460-E35211404219}.Release|ARM64.ActiveCfg = Release|Win32
		{726FDD09-BF9C-4B08-A460-E35211404219}.Release|x64.ActiveCfg = Release|x64
		{726FDD09-BF9C-4B08-A460-E35211404219}.Release|x64.Build.0 = Release|x64
		{726FDD09-BF9C-4B08-A460-E35211404219}.Release|x86.ActiveCfg = Release|Win32
		{726FDD09-BF9C-4B08-A460-E35211404219}.Release|x86.Build.0 = Release|Win32
		{C6D7A30D-6CC8-4386-B1CE-B4EB8BDB26D2}.Debug|ARM.ActiveCfg = Debug|Win32
		{C6D7A30D-6CC8-4386-B1CE-B4EB8BDB26D2}.Debug|ARM64.ActiveCfg = Debug|Win32
		{C6D7A30D-6CC8-4386-B1CE-B4EB8BDB26D2}.Debug|x64.ActiveCfg = Debug|x64
		{C6D7A30D-6CC8-4386-B1CE-B4EB8BDB26D2}.Debug|x64.Build.0 = Debug|x64
		{C6D7A30D-6CC8-4386-B1CE-B4EB8BDB26D2}.Debug|x86.ActiveCfg = Debug|Win32
		{C6D7A30D-6CC8-4386-B1CE-B4EB8BDB26D2}.Debug|x86.Build.0 = Debug|Win32
		{C6D7A30D-6CC8-4386-B1CE-B4EB8BDB26D2}.Release|ARM.ActiveCfg = Release|Win32
		{C6D7A30D-6CC8-4386-B1CE-B4EB8BDB26D2}.Release|ARM64.ActiveCfg = Release|Win32
		{C6D7A30D-6CC8-4386-B1CE-B4EB8BDB26D2}.Release|x64.ActiveCfg = Release|x64
		{C6D7A30D-6CC8-4386-B1CE-B4EB8BDB26D2}.Release|x64.Build.0 = Release|x64
		{C6D7A30D-6CC8-4386-B1CE-B4EB8BDB26D2}.Release|x86.ActiveCfg = Release|Win32
		{C6D7A30D-6CC8-4386-B1CE-B4EB8BDB26D2}.Release|x86.Build.0 = Release|Win32
		{CF648B01-8D54-4095-AF18-FA3F56F0C0D6}.Debug|ARM.ActiveCfg = Debug|Win32
		{CF648B01-8D54-4095-AF18-FA3F56F0C0D6}.Debug|ARM64.ActiveCfg = Debug|Win32
		{CF648B01-8D54-4095-AF18-FA3F56F0C0D6}.Debug|x64.ActiveCfg = Debug|x64
		{CF648B01-8D54-4095-AF18-FA3F56F0C0D6}.Debug|x64.Build.0 = Debug|x64
		{CF648B01-8D54-4095-AF18-FA3F56F0C0D6}.Debug|x86.ActiveCfg = Debug|Win32
		{CF648B01-8D54-4095-AF18-FA3F56F0C0D6}.Debug|x86.Build.0 = Debug|Win32
		{CF648B01-8D54-4095-AF18-FA3F56F0C0D6}.Release|ARM.ActiveCfg = Release|Win32
		{CF648B01-8D54-4095-AF18-FA3F56F0C0D6}.Release|ARM64.ActiveCfg = Release|Win32
		{CF648B01-8D54-4095-AF18-FA3F56F0C0D6}.Release|x64.ActiveCfg = Release|x64
		{CF648B01-8D54-4095-AF18-FA3F56F0C0D6}.Release|x64.Build.0 = Release|x64
		{CF648B01-8D54-4095-AF18-FA3F56F0C0D6}.Release|x86.ActiveCfg = Release|Win32
		{CF648B01-8D54-4095-AF18-FA3F56F0C0D6}.Release|x86.Build.0 = Release|Win32
		{F6E86F42-7EAB-4D5A-9256-ABFFBAF6CF8F}.Debug|ARM.ActiveCfg = Debug|Win32
		{F6E86F42-7EAB-4D5A-9256-ABFFBAF6CF8F}.Debug|ARM64.ActiveCfg = Debug|Win32
		{F6E86F42-7EAB-4D5A-9256-ABFFBAF6CF8F}.Debug|x64.ActiveCfg = Debug|x64
		{F6E86F42-7EAB-4D5A-9256-ABFFBAF6CF8F}.Debug|x64.Build.0 = Debug|x64
		{F6E86F42-7EAB-4D5A-9256-ABFFBAF6CF8F}.Debug|x86.ActiveCfg = Debug|Win32
		{F6E86F42-7EAB-4D5A-9256-ABFFBAF6CF8F}.Debug|x86.Build.0 = Debug|Win32
		{F6E86F42-7EAB-4D5A-9256-ABFFBAF6CF8F}.Release|ARM.ActiveCfg = Release|Win32
		{F6E86F42-7EAB-4D5A-9256-ABFFBAF6CF8F}.Release|ARM64.ActiveCfg = Release|Win32
		{F6E86F42-7EAB-4D5A-9256-ABFFBAF6CF8F}.Release|x64.ActiveCfg = Release|x64
		{F6E86F42-7EAB-4D5A-9256-ABFFBAF6CF8F}.Release|x64.Build.0 = Release|x64
		{F6E86F42-7EAB-4D5A-9256-ABFFBAF6CF8F}.Release|x86.ActiveCfg = Release|Win32
		{F6E86F42-7EAB-4D5A-9256-ABFFBAF6CF8F}.Release|x86.Build.0 = Release|Win32
		{10243ED8-2B04-4E6F-88A4-B33C758DD489}.Debug|ARM.ActiveCfg = Debug|Win32
		{10243ED8-2B04-4E6F-88A4-B33C758DD489}.Debug|ARM64.ActiveCfg = Debug|Win32
		{10243ED8-2B04-4E6F-88A4-B33C758DD489}.Debug|x64.ActiveCfg = Debug|x64
		{10243ED8-2B04-4E6F-88A4-B33C758DD489}.Debug|x64.Build.0 = Debug|x64
		{10243ED8-2B04-4E6F-88A4-B33C758DD489}.Debug|x86.ActiveCfg = Debug|Win32
		{10243ED8-2B04-4E6F-88A4-B33C758DD489}.Debug|x86.Build.0 = Debug|Win32
		{10243ED8-2B04-4E6F-88A4-B33C758DD489}.Release|ARM.ActiveCfg = Release|Win32
		{10243ED8-2B04-4E6F-88A4-B33C758DD489}.Release|ARM64.ActiveCfg = Release|Win32
		{10243ED8-2B04-4E6F-88A4-B33C758DD489}.Release|x64.ActiveCfg = Release|x64
		{10243ED8-2B04-4E6F-88A4-B33C758DD489}.Release|x64.Build.0 = Release|x64
		{10243ED8-2B04-4E6F-88A4-B33C758DD489}.Release|x86.ActiveCfg = Release|Win32
		{10243ED8-2B04-4E6F-88A4-B33C758DD489}.Release|x86.Build.0 = Release|Win32
		{6BAB9CD6-3980-4B4C-9206-E3014908A25F}.Debug|ARM.ActiveCfg = Debug|Win32
		{6BAB9CD6-3980-4B4C-9206-E3014908A25F}.Debug|ARM64.ActiveCfg = Debug|Win32
		{6BAB9CD6-3980-4B4C-9206-E3014908A25F}.Debug|x64.ActiveCfg = Debug|x64
		{6BAB9CD6-3980-4B4C-9206-E3014908A25F}.Debug|x64.Build.0 = Debug|x64
		{6BAB9CD6-3980-4B4C-9206-E3014908A25F}.Debug|x86.ActiveCfg = Debug|Win32
		{6BAB9CD6-3980-4B4C-9206-E3014908A25F}.Debug|x86.Build.0 = Debug|Win32
		{6BAB9CD6-3980-4B4C-9206-E3014908A25F}.Release|ARM.ActiveCfg = Release|Win32
		{6BAB9CD6-3980-4B4C-9206-E3014908A25F}.Release|ARM64.ActiveCfg = Release|Win32
		{6BAB9CD6-3980-4B4C-9206-E3014908A25F}.Release|x64.ActiveCfg = Release|x64
		{6BAB9CD6-3980-4B4C-9206-E3014908A25F}.Release|x64.Build.0 = Release|x64
		{6BAB9CD6-3980-4B4C-9206-E3014908A25F}.Release|x86.ActiveCfg = Release|Win32
		{6BAB9CD6-3980-4B4C-9206-E3014908A25F}.Release|x86.Build.0 = Release|Win32
		{257D7D52-D624-4E83-93DD-E5FF9272F997}.Debug|ARM.ActiveCfg = Debug|Win32
		{257D7D52-D624-4E83-93DD-E5FF9272F997}.Debug|ARM64.ActiveCfg = Debug|Win32
		{257D7D52-D624-4E83-93DD-E5FF9272F997}.Debug|x64.ActiveCfg = Debug|x64
		{257D7D52-D624-4E83-93DD-E5FF9272F997}.Debug|x64.Build.0 = Debug|x64
		{257D7D52-D624-4E83-93DD-E5FF9272F997}.Debug|x86.ActiveCfg = Debug|Win32
		{257D7D52-D624-4E83-93DD-E5FF9272F997}.Debug|x86.Build.0 = Debug|Win32
		{257D7D52-D624-4E83-93DD-E5FF9272F997}.Release|ARM.ActiveCfg = Release|Win32
		{257D7D52-D624-4E83-93DD-E5FF9272F997}.Release|ARM64.ActiveCfg = Release|Win32
		{257D7D52-D624-4E83-93DD-E5FF9272F997}.Release|x64.ActiveCfg = Release|x64
		{257D7D52-D624-4E83-93DD-E5FF9272F997}.Release|x64.Build.0 = Release|x64
		{257D7D52-D624-4E83-93DD-E5FF9272F997}.Release|x86.ActiveCfg = Release|Win32
		{257D7D52-D624-4E83-93DD-E5FF9272F997}.Release|x86.Build.0 = Release|Win32
		{580C9A8F-3AC5-493B-9C11-D8165454B532}.Debug|ARM.ActiveCfg = Debug|Win32
		{580C9A8F-3AC5-493B-9C11-D8165454B532}.Debug|ARM64.ActiveCfg = Debug|Win32
		{580C9A8F-3AC5-493B-9C11-D8165454B532}.Debug|x64.ActiveCfg = Debug|x64
		{580C9A8F-3AC5-493B-9C11-D8165454B532}.Debug|x64.Build.0 = Debug|x64
		{580C9A8F-3AC5-493B-9C11-D8165454B532}.Debug|x86.ActiveCfg = Debug|Win32
		{580C9A8F-3AC5-493B-9C11-D8165454B532}.Debug|x86.Build.0 = Debug|Win32
		{580C9A8F-3AC5-493B-9C11-D8165454B532}.Release|ARM.ActiveCfg = Release|Win32
		{580C9A8F-3AC5-493B-9C11-D8165454B532}.Release|ARM64.ActiveCfg = Release|Win32
		{580C9A8F-3AC5-493B-9C11-D8165454B532}.Release|x64.ActiveCfg = Release|x64
		{580C9A8F-3AC5-493B-9C11-D8165454B532}.Release|x64.Build.0 = Release|x64
		{580C9A8F-3AC5-493B-9C11-D8165454B532}.Release|x86.ActiveCfg = Release|Win32
		{580C9A8F-3AC5-493B-9C11-D8165454B532}.Release|x86.Build.0 = Release|Win32
		{2CC43844-52C7-48CF-A58D-D5F86522B664}.Debug|ARM.ActiveCfg = Debug|Win32
		{2CC43844-52C7-48CF-A58D-D5F86522B664}.Debug|ARM64.ActiveCfg = Debug|Win32
		{2CC43844-52C7-48CF-A58D-D5F86522B664}.Debug|x64.ActiveCfg = Debug|x64
		{2CC43844-52C7-48CF-A58D-D5F86522B664}.Debug|x64.Build.0 = Debug|x64
		{2CC43844-52C7-48CF-A58D-D5F86522B664}.Debug|x86.ActiveCfg = Debug|Win32
		{2CC43844-52C7-48CF-A58D-D5F86522B664}.Debug|x86.Build.0 = Debug|Win32
		{2CC43844-52C7-48CF-A58D-D5F86522B664}.Release|ARM.ActiveCfg = Release|Win32
		{2CC43844-52C7-48CF-A58D-D5F86522B664}.Release|ARM64.ActiveCfg = Release|Win32
		{2CC43844-52C7-48CF-A58D-D5F86522B664}.Release|x64.ActiveCfg = Release|x64
		{2CC43844-52C7-48CF-A58D-D5F86522B664}.Release|x64.Build.0 = Release|x64
		{2CC43844-52C7-48CF-A58D-D5F86522B664}.Release|x86.ActiveCfg = Release|Win32
		{2CC43844-52C7-48CF-A58D-D5F86522B664}.Release|x86.Build.0 = Release|Win32
		{8FADE28D-D31A-419E-823C-7CC3E34744AD}.Debug|ARM.ActiveCfg = Debug|Win32
		{8FADE28D-D31A-419E-823C-7CC3E34744AD}.Debug|ARM64.ActiveCfg = Debug|Win32
		{8FADE28D-D31A-419E-823C-7CC3E34744AD}.Debug|x64.ActiveCfg = Debug|x64
		{8FADE28D-D31A-419E-823C-7CC3E34744AD}.Debug|x64.Build.0 = Debug|x64
		{8FADE28D-D31A-419E-823C-7CC3E34744AD}.Debug|x86.ActiveCfg = Debug|Win32
		{8FADE28D-D31A-419E-823C-7CC3E34744AD}.Debug|x86.Build.0 = Debug|Win32
		{8FADE28D-D31A-419E-823C-7CC3E34744AD}.Release|ARM.ActiveCfg = Release|Win32
		{8FADE28D-D31A-419E-823C-7CC3E34744AD}.Release|ARM64.ActiveCfg = Release|Win32
		{8FADE28D-D31A-419E-823C-7CC3E34744AD}.Release|x64.ActiveCfg = Release|x64
		{8FADE28D-D31A-419E-823C-7CC3E34744AD}.Release|x64.Build.0 = Release|x64
		{8FADE28D-D31A-419E-823C-7CC3E34744AD}.Release|x86.ActiveCfg = Release|Win32
		{8FADE28D-D31A-419E-823C-7CC3E34744AD}.Release|x86.Build.0 = Release|Win32
		{D8118999-836E-48E0-889E-B4E75995057D}.Debug|ARM.ActiveCfg = Debug|Win32
		{D8118999-836E-48E0-889E-B4E75995057D}.Debug|ARM64.ActiveCfg = Debug|Win32
		{D8118999-836E-48E0-889E-B4E75995057D}.Debug|x64.ActiveCfg = Debug|x64
		{D8118999-836E-48E0-889E-B4E75995057D}.Debug|x64.Build.0 = Debug|x64
		{D8118999-836E-48E0-889E-B4E75995057D}.Debug|x86.ActiveCfg = Debug|Win32
		{D8118999-836E-48E0-889E-B4E75995057D}.Debug|x86.Build.0 = Debug|Win32
		{D8118999-836E-48E0-889E-B4E75995057D}.Release|ARM.ActiveCfg = Release|Win32
		{D8118999-836E-48E0-889E-B4E75995057D}.Release|ARM64.ActiveCfg = Release|Win32
		{D8118999-836E-48E0-889E-B4E75995057D}.Release|x64.ActiveCfg = Release|x64
		{D8118999-836E-48E0-889E-B4E75995057D}.Release|x64.Build.0 = Release|x64
		{D8118999-836E-48E0-889E-B4E75995057D}.Release|x86.ActiveCfg = Release|Win32
		{D8118999-836E-48E0-889E-B4E75995057D}.Release|x86.Build.0 = Release|Win32
		{A523B849-C9A3-4A92-894D-1FDBC4A34BDC}.Debug|ARM.ActiveCfg = Debug|ARM
		{A523B849-C9A3-4A92-894D-1FDBC4A34BDC}.Debug|ARM.Build.0 = Debug|ARM
		{A523B849-C9A3-4A92-894D-1FDBC4A34BDC}.Debug|ARM.Deploy.0 = Debug|ARM
		{A523B849-C9A3-4A92-894D-1FDBC4A34BDC}.Debug|ARM64.ActiveCfg = Debug|ARM64
		{A523B849-C9A3-4A92-894D-1FDBC4A34BDC}.Debug|ARM64.Build.0 = Debug|ARM64
		{A523B849-C9A3-4A92-894D-1FDBC4A34BDC}.Debug|ARM64.Deploy.0 = Debug|ARM64
		{A523B849-C9A3-4A92-894D-1FDBC4A34BDC}.Debug|x64.ActiveCfg = Debug|x64
		{A523B849-C9A3-4A92-894D-1FDBC4A34BDC}.Debug|x64.Build.0 = Debug|x64
		{A523B849-C9A3-4A92-894D-1FDBC4A34BDC}.Debug|x64.Deploy.0 = Debug|x64
		{A523B849-C9A3-4A92-894D-1FDBC4A34BDC}.Debug|x86.ActiveCfg = Debug|Win32
		{A523B849-C9A3-4A92-894D-1FDBC4A34BDC}.Debug|x86.Build.0 = Debug|Win32
		{A523B849-C9A3-4A92-894D-1FDBC4A34BDC}.Debug|x86.Deploy.0 = Debug|Win32
		{A523B849-C9A3-4A92-894D-1FDBC4A34BDC}.Release|ARM.ActiveCfg = Release|ARM
		{A523B849-C9A3-4A92-894D-1FDBC4A34BDC}.Release|ARM.Build.0 = Release|ARM
		{A523B849-C9A3-4A92-894D-1FDBC4A34BDC}.Release|ARM.Deploy.0 = Release|ARM
		{A523B849-C9A3-4A92-894D-1FDBC4A34BDC}.Release|ARM64.ActiveCfg = Release|ARM64
		{A523B849-C9A3-4A92-894D-1FDBC4A34BDC}.Release|ARM64.Build.0 = Release|ARM64
		{A523B849-C9A3-4A92-894D-1FDBC4A34BDC}.Release|ARM64.Deploy.0 = Release|ARM64
		{A523B849-C9A3-4A92-894D-1FDBC4A34BDC}.Release|x64.ActiveCfg = Release|x64
		{A523B849-C9A3-4A92-894D-1FDBC4A34BDC}.Release|x64.Build.0 = Release|x64
		{A523B849-C9A3-4A92-894D-1FDBC4A34BDC}.Release|x64.Deploy.0 = Release|x64
		{A523B849-C9A3-4A92-894D-1FDBC4A34BDC}.Release|x86.ActiveCfg = Release|Win32
		{A523B849-C9A3-4A92-894D-1FDBC4A34BDC}.Release|x86.Build.0 = Release|Win32
		{A523B849-C9A3-4A92-894D-1FDBC4A34BDC}.Release|x86.Deploy.0 = Release|Win32
		{298EB7D4-AE5A-45FB-A027-673F54293035}.Debug|ARM.ActiveCfg = Debug|Win32
		{298EB7D4-AE5A-45FB-A027-673F54293035}.Debug|ARM64.ActiveCfg = Debug|Win32
		{298EB7D4-AE5A-45FB-A027-673F54293035}.Debug|x64.ActiveCfg = Debug|x64
		{298EB7D4-AE5A-45FB-A027-673F54293035}.Debug|x64.Build.0 = Debug|x64
		{298EB7D4-AE5A-45FB-A027-673F54293035}.Debug|x86.ActiveCfg = Debug|Win32
		{298EB7D4-AE5A-45FB-A027-673F54293035}.Debug|x86.Build.0 = Debug|Win32
		{298EB7D4-AE5A-45FB-A027-673F54293035}.Release|ARM.ActiveCfg = Release|Win32
		{298EB7D4-AE5A-45FB-A027-673F54293035}.Release|ARM64.ActiveCfg = Release|Win32
		{298EB7D4-AE5A-45FB-A027-673F54293035}.Release|x64.ActiveCfg = Release|x64
		{298EB7D4-AE5A-45FB-A027-673F54293035}.Release|x64.Build.0 = Release|x64
		{298EB7D4-AE5A-45FB-A027-673F54293035}.Release|x86.ActiveCfg = Release|Win32
		{298EB7D4-AE5A-45FB-A027-673F54293035}.Release|x86.Build.0 = Release|Win32
		{C6520925-3CF2-48E2-AA84-F73693D4005B}.Debug|ARM.ActiveCfg = Debug|Win32
		{C6520925-3CF2-48E2-AA84-F73693D4005B}.Debug|ARM64.ActiveCfg = Debug|Win32
		{C6520925-3CF2-48E2-AA84-F73693D4005B}.Debug|x64.ActiveCfg = Debug|x64
		{C6520925-3CF2-48E2-AA84-F73693D4005B}.Debug|x64.Build.0 = Debug|x64
		{C6520925-3CF2-48E2-AA84-F73693D4005B}.Debug|x86.ActiveCfg = Debug|Win32
		{C6520925-3CF2-48E2-AA84-F73693D4005B}.Debug|x86.Build.0 = Debug|Win32
		{C6520925-3CF2-48E2-AA84-F73693D4005B}.Release|ARM.ActiveCfg = Release|Win32
		{C6520925-3CF2-48E2-AA84-F73693D4005B}.Release|ARM64.ActiveCfg = Release|Win32
		{C6520925-3CF2-48E2-AA84-F73693D4005B}.Release|x64.ActiveCfg = Release|x64
		{C6520925-3CF2-48E2-AA84-F73693D4005B}.Release|x64.Build.0 = Release|x64
		{C6520925-3CF2-48E2-AA84-F73693D4005B}.Release|x86.ActiveCfg = Release|Win32
		{C6520925-3CF2-48E2-AA84-F73693D4005B}.Release|x86.Build.0 = Release|Win32
		{36E63243-8101-45AB-8106-FAE53F0C7937}.Debug|ARM.ActiveCfg = Debug|Win32
		{36E63243-8101-45AB-8106-FAE53F0C7937}.Debug|ARM64.ActiveCfg = Debug|Win32
		{36E63243-8101-45AB-8106-FAE53F0C7937}.Debug|x64.ActiveCfg = Debug|x64
		{36E63243-8101-45AB-8106-FAE53F0C7937}.Debug|x64.Build.0 = Debug|x64
		{36E63243-8101-45AB-8106-FAE53F0C7937}.Debug|x86.ActiveCfg = Debug|Win32
		{36E63243-8101-45AB-8106-FAE53F0C7937}.Debug|x86.Build.0 = Debug|Win32
		{36E63243-8101-45AB-8106-FAE53F0C7937}.Release|ARM.ActiveCfg = Release|Win32
		{36E63243-8101-45AB-8106-FAE53F0C7937}.Release|ARM64.ActiveCfg = Release|Win32
		{36E63243-8101-45AB-8106-FAE53F0C7937}.Release|x64.ActiveCfg = Release|x64
		{36E63243-8101-45AB-8106-FAE53F0C7937}.Release|x64.Build.0 = Release|x64
		{36E63243-8101-45AB-8106-FAE53F0C7937}.Release|x86.ActiveCfg = Release|Win32
		{36E63243-8101-45AB-8106-FAE53F0C7937}.Release|x86.Build.0 = Release|Win32
		{B1626A07-6632-4681-ACC6-39B6BD25C90E}.Debug|ARM.ActiveCfg = Debug|Win32
		{B1626A07-6632-4681-ACC6-39B6BD25C90E}.Debug|ARM64.ActiveCfg = Debug|Win32
		{B1626A07-6632-4681-ACC6-39B6BD25C90E}.Debug|x64.ActiveCfg = Debug|x64
		{B1626A07-6632-4681-ACC6-39B6BD25C90E}.Debug|x64.Build.0 = Debug|x64
		{B1626A07-6632-4681-ACC6-39B6BD25C90E}.Debug|x86.ActiveCfg = Debug|Win32
		{B1626A07-6632-4681-ACC6-39B6BD25C90E}.Debug|x86.Build.0 = Debug|Win32
		{B1626A07-6632-4681-ACC6-39B6BD25C90E}.Release|ARM.ActiveCfg = Release|Win32
		{B1626A07-6632-4681-ACC6-39B6BD25C90E}.Release|ARM64.ActiveCfg = Release|Win32
		{B1626A07-6632-4681-ACC6-39B6BD25C90E}.Release|x64.ActiveCfg = Release|x64
		{B1626A07-6632-4681-ACC6-39B6BD25C90E}.Release|x64.Build.0 = Release|x64
		{B1626A07-6632-4681-ACC6-39B6BD25C90E}.Release|x86.ActiveCfg = Release|Win32
		{B1626A07-6632-4681-ACC6-39B6BD25C90E}.Release|x86.Build.0 = Release|Win32
		{08B4DA49-27BE-4C21-BED2-106A1F1E89BE}.Debug|ARM.ActiveCfg = Debug|Win32
		{08B4DA49-27BE-4C21-BED2-106A1F1E89BE}.Debug|ARM64.ActiveCfg = Debug|Win32
		{08B4DA49-27BE-4C21-BED2-106A1F1E89BE}.Debug|x64.ActiveCfg = Debug|x64
		{08B4DA49-27BE-4C21-BED2-106A1F1E89BE}.Debug|x64.Build.0 = Debug|x64
		{08B4DA49-27BE-4C21-BED2-106A1F1E89BE}.Debug|x86.ActiveCfg = Debug|Win32
		{08B4DA49-27BE-4C21-BED2-106A1F1E89BE}.Debug|x86.Build.0 = Debug|Win32
		{08B4DA49-27BE-4C21-BED2-106A1F1E89BE}.Release|ARM.ActiveCfg = Release|Win32
		{08B4DA49-27BE-4C21-BED2-106A1F1E89BE}.Release|ARM64.ActiveCfg = Release|Win32
		{08B4DA49-27BE-4C21-BED2-106A1F1E89BE}.Release|x64.ActiveCfg = Release|x64
		{08B4DA49-27BE-4C21-BED2-106A1F1E89BE}.Release|x64.Build.0 = Release|x64
		{08B4DA49-27BE-4C21-BED2-106A1F1E89BE}.Release|x86.ActiveCfg = Release|Win32
		{08B4DA49-27BE-4C21-BED2-106A1F1E89BE}.Release|x86.Build.0 = Release|Win32
		{9CAA2B0C-EF98-4D09-99E7-88AA8464504A}.Debug|ARM.ActiveCfg = Debug|Win32
		{9CAA2B0C-EF98-4D09-99E7-88AA8464504A}.Debug|ARM64.ActiveCfg = Debug|Win32
		{9CAA2B0C-EF98-4D09-99E7-88AA8464504A}.Debug|x64.ActiveCfg = Debug|x64
		{9CAA2B0C-EF98-4D09-99E7-88AA8464504A}.Debug|x64.Build.0 = Debug|x64
		{9CAA2B0C-EF98-4D09-99E7-88AA8464504A}.Debug|x86.ActiveCfg = Debug|Win32
		{9CAA2B0C-EF98-4D09-99E7-88AA8464504A}.Debug|x86.Build.0 = Debug|Win32
		{9CAA2B0C-EF98-4D09-99E7-88AA8464504A}.Release|ARM.ActiveCfg = Release|Win32
		{9CAA2B0C-EF98-4D09-99E7-88AA8464504A}.Release|ARM64.ActiveCfg = Release|Win32
		{9CAA2B0C-EF98-4D09-99E7-88AA8464504A}.Release|x64.ActiveCfg = Release|x64
		{9CAA2B0C-EF98-4D09-99E7-88AA8464504A}.Release|x64.Build.0 = Release|x64
		{9CAA2B0C-EF98-4D09-99E7-88AA8464504A}.Release|x86.ActiveCfg = Release|Win32
		{9CAA2B0C-EF98-4D09-99E7-88AA8464504A}.Release|x86.Build.0 = Release|Win32
		{6DDB528D-A631-4094-9D57-98553A00C9D6}.Debug|ARM.ActiveCfg = Debug|Win32
		{6DDB528D-A631-4094-9D57-98553A00C9D6}.Debug|ARM64.ActiveCfg = Debug|Win32
		{6DDB528D-A631-4094-9D57-98553A00C9D6}.Debug|x64.ActiveCfg = Debug|x64
		{6DDB528D-A631-4094-9D57-98553A00C9D6}.Debug|x64.Build.0 = Debug|x64
		{6DDB528D-A631-4094-9D57-98553A00C9D6}.Debug|x86.ActiveCfg = Debug|Win32
		{6DDB528D-A631-4094-9D57-98553A00C9D6}.Debug|x86.Build.0 = Debug|Win32
		{6DDB528D-A631-4094-9D57-98553A00C9D6}.Release|ARM.ActiveCfg = Release|Win32
		{6DDB528D-A631-4094-9D57-98553A00C9D6}.Release|ARM64.ActiveCfg = Release|Win32
		{6DDB528D-A631-4094-9D57-98553A00C9D6}.Release|x64.ActiveCfg = Release|x64
		{6DDB528D-A631-4094-9D57-98553A00C9D6}.Release|x64.Build.0 = Release|x64
		{6DDB528D-A631-4094-9D57-98553A00C9D6}.Release|x86.ActiveCfg = Release|Win32
		{6DDB528D-A631-4094-9D57-98553A00C9D6}.Release|x86.Build.0 = Release|Win32
		{83053A61-82C3-4C58-B8DD-83223275DF76}.Debug|ARM.ActiveCfg = Debug|Win32
		{83053A61-82C3-4C58-B8DD-83223275DF76}.Debug|ARM64.ActiveCfg = Debug|Win32
		{83053A61-82C3-4C58-B8DD-83223275DF76}.Debug|x64.ActiveCfg = Debug|x64
		{83053A61-82C3-4C58-B8DD-83223275DF76}.Debug|x64.Build.0 = Debug|x64
		{83053A61-82C3-4C58-B8DD-83223275DF76}.Debug|x86.ActiveCfg = Debug|Win32
		{83053A61-82C3-4C58-B8DD-83223275DF76}.Debug|x86.Build.0 = Debug|Win32
		{83053A61-82C3-4C58-B8DD-83223275DF76}.Release|ARM.ActiveCfg = Release|Win32
		{83053A61-82C3-4C58-B8DD-83223275DF76}.Release|ARM64.ActiveCfg = Release|Win32
		{83053A61-82C3-4C58-B8DD-83223275DF76}.Release|x64.ActiveCfg = Release|x64
		{83053A61-82C3-4C58-B8DD-83223275DF76}.Release|x64.Build.0 = Release|x64
		{83053A61-82C3-4C58-B8DD-83223275DF76}.Release|x86.ActiveCfg = Release|Win32
		{83053A61-82C3-4C58-B8DD-83223275DF76}.Release|x86.Build.0 = Release|Win32
		{1445A248-F7A7-4D95-B9C5-B7107715482C}.Debug|ARM.ActiveCfg = Debug|Win32
		{1445A248-F7A7-4D95-B9C5-B7107715482C}.Debug|ARM64.ActiveCfg = Debug|Win32
		{1445A248-F7A7-4D95-B9C5-B7107715482C}.Debug|x64.ActiveCfg = Debug|x64
		{1445A248-F7A7-4D95-B9C5-B7107715482C}.Debug|x64.Build.0 = Debug|x64
		{1445A248-F7A7-4D95-B9C5-B7107715482C}.Debug|x86.ActiveCfg = Debug|Win32
		{1445A248-F7A7-4D95-B9C5-B7107715482C}.Debug|x86.Build.0 = Debug|Win32
		{1445A248-F7A7-4D95-B9C5-B7107715482C}.Release|ARM.ActiveCfg = Release|Win32
		{1445A248-F7A7-4D95-B9C5-B7107715482C}.Release|ARM64.ActiveCfg = Release|Win32
		{1445A248-F7A7-4D95-B9C5-B7107715482C}.Release|x64.ActiveCfg = Release|x64
		{1445A248-F7A7-4D95-B9C5-B7107715482C}.Release|x64.Build.0 = Release|x64
		{1445A248-F7A7-4D95-B9C5-B7107715482C}.Release|x86.ActiveCfg = Release|Win32
		{1445A248-F7A7-4D95-B9C5-B7107715482C}.Release|x86.Build.0 = Release|Win32
		{021B5090-F09B-4C13-9C61-533C59723E9D}.Debug|ARM.ActiveCfg = Debug|Win32
		{021B5090-F09B-4C13-9C61-533C59723E9D}.Debug|ARM64.ActiveCfg = Debug|Win32
		{021B5090-F09B-4C13-9C61-533C59723E9D}.Debug|x64.ActiveCfg = Debug|x64
		{021B5090-F09B-4C13-9C61-533C59723E9D}.Debug|x64.Build.0 = Debug|x64
		{021B5090-F09B-4C13-9C61-533C59723E9D}.Debug|x86.ActiveCfg = Debug|Win32
		{021B5090-F09B-4C13-9C61-533C59723E9D}.Debug|x86.Build.0 = Debug|Win32
		{021B5090-F09B-4C13-9C61-533C59723E9D}.Release|ARM.ActiveCfg = Release|Win32
		{021B5090-F09B-4C13-9C61-533C59723E9D}.Release|ARM64.ActiveCfg = Release|Win32
		{021B5090-F09B-4C13-9C61-533C59723E9D}.Release|x64.ActiveCfg = Release|x64
		{021B5090-F09B-4C13-9C61-533C59723E9D}.Release|x64.Build.0 = Release|x64
		{021B5090-F09B-4C13-9C61-533C59723E9D}.Release|x86.ActiveCfg = Release|Win32
		{021B5090-F09B-4C13-9C61-533C59723E9D}.Release|x86.Build.0 = Release|Win32
		{CEE0F311-B16D-4A8E-A3B9-C4592D122265}.Debug|ARM.ActiveCfg = Debug|Win32
		{CEE0F311-B16D-4A8E-A3B9-C4592D122265}.Debug|ARM64.ActiveCfg = Debug|Win32
		{CEE0F311-B16D-4A8E-A3B9-C4592D122265}.Debug|x64.ActiveCfg = Debug|x64
		{CEE0F311-B16D-4A8E-A3B9-C4592D122265}.Debug|x64.Build.0 = Debug|x64
		{CEE0F311-B16D-4A8E-A3B9-C4592D122265}.Debug|x86.ActiveCfg = Debug|Win32
		{CEE0F311-B16D-4A8E-A3B9-C4592D122265}.Debug|x86.Build.0 = Debug|Win32
		{CEE0F311-B16D-4A8E-A3B9-C4592D122265}.Release|ARM.ActiveCfg = Release|Win32
		{CEE0F311-B16D-4A8E-A3B9-C4592D122265}.Release|ARM64.ActiveCfg = Release|Win32
		{CEE0F311-B16D-4A8E-A3B9-C4592D122265}.Release|x64.ActiveCfg = Release|x64
		{CEE0F311-B16D-4A8E-A3B9-C4592D122265}.Release|x64.Build.0 = Release|x64
		{CEE0F311-B16D-4A8E-A3B9-C4592D122265}.Release|x86.ActiveCfg = Release|Win32
		{CEE0F311-B16D-4A8E-A3B9-C4592D122265}.Release|x86.Build.0 = Release|Win32
		{5F2B3ABA-9B8F-4334-92EC-E0100D1775E5}.Debug|ARM.ActiveCfg = Debug|Win32
		{5F2B3ABA-9B8F-4334-92EC-E0100D1775E5}.Debug|ARM64.ActiveCfg = Debug|Win32
		{5F2B3ABA-9B8F-4334-92EC-E0100D1775E5}.Debug|x64.ActiveCfg = Debug|x64
		{5F2B3ABA-9B8F-4334-92EC-E0100D1775E5}.Debug|x64.Build.0 = Debug|x64
		{5F2B3ABA-9B8F-4334-92EC-E0100D1775E5}.Debug|x86.ActiveCfg = Debug|Win32
		{5F2B3ABA-9B8F-4334-92EC-E0100D1775E5}.Debug|x86.Build.0 = Debug|Win32
		{5F2B3ABA-9B8F-4334-92EC-E0100D1775E5}.Release|ARM.ActiveCfg = Release|Win32
		{5F2B3ABA-9B8F-4334-92EC-E0100D1775E5}.Release|ARM64.ActiveCfg = Release|Win32
		{5F2B3ABA-9B8F-4334-92EC-E0100D1775E5}.Release|x64.ActiveCfg = Release|x64
		{5F2B3ABA-9B8F-4334-92EC-E0100D1775E5}.Release|x64.Build.0 = Release|x64
		{5F2B3ABA-9B8F-4334-92EC-E0100D1775E5}.Release|x86.ActiveCfg = Release|Win32
		{5F2B3ABA-9B8F-4334-92EC-E0100D1775E5}.Release|x86.Build.0 = Release|Win32
		{2CA161C2-C6AC-4722-AB81-875B36F14287}.Debug|ARM.ActiveCfg = Debug|Win32
		{2CA161C2-C6AC-4722-AB81-875B36F14287}.Debug|ARM64.ActiveCfg = Debug|Win32
		{2CA161C2-C6AC-4722-AB81-875B36F14287}.Debug|x64.ActiveCfg = Debug|x64
		{2CA161C2-C6AC-4722-AB81-875B36F14287}.Debug|x64.Build.0 = Debug|x64
		{2CA161C2-C6AC-4722-AB81-875B36F14287}.Debug|x86.ActiveCfg = Debug|Win32
		{2CA161C2-C6AC-4722-AB81-875B36F14287}.Debug|x86.Build.0 = Debug|Win32
		{2CA161C2-C6AC-4722-AB81-875B36F14287}.Release|ARM.ActiveCfg = Release|Win32
		{2CA161C2-C6AC-4722-AB81-875B36F14287}.Release|ARM64.ActiveCfg = Release|Win32
		{2CA161C2-C6AC-4722-AB81-875B36F14287}.Release|x64.ActiveCfg = Release|x64
		{2CA161C2-C6AC-4722-AB81-875B36F14287}.Release|x64.Build.0 = Release|x64
		{2CA161C2-C6AC-4722-AB81-875B36F14287}.Release|x86.ActiveCfg = Release|Win32
		{2CA161C2-C6AC-4722-AB81-875B36F14287}.Release|x86.Build.0 = Release|Win32
		{35F1284E-FB54-47B2-8205-D128840ADA83}.Debug|ARM.ActiveCfg = Debug|Win32
		{35F1284E-FB54-47B2-8205-D128840ADA83}.Debug|ARM64.ActiveCfg = Debug|Win32
		{35F1284E-FB54-47B2-8205-D128840ADA83}.Debug|x64.ActiveCfg = Debug|x64
		{35F1284E-FB54-47B2-8205-D128840ADA83}.Debug|x64.Build.0 = Debug|x64
		{35F1284E-FB54-47B2-8205-D128840ADA83}.Debug|x86.ActiveCfg = Debug|Win32
		{35F1284E-FB54-47B2-8205-D128840ADA83}.Debug|x86.Build.0 = Debug|Win32
		{35F1284E-FB54-47B2-8205-D128840ADA83}.Release|ARM.ActiveCfg = Release|Win32
		{35F1284E-FB54-47B2-8205-D128840ADA83}.Release|ARM64.ActiveCfg = Release|Win32
		{35F1284E-FB54-47B2-8205-D128840ADA83}.Release|x64.ActiveCfg = Release|x64
		{35F1284E-FB54-47B2-8205-D128840ADA83}.Release|x64.Build.0 = Release|x64
		{35F1284E-FB54-47B2-8205-D128840ADA83}.Release|x86.ActiveCfg = Release|Win32
		{35F1284E-FB54-47B2-8205-D128840ADA83}.Release|x86.Build.0 = Release|Win32
		{B3B7AD74-636E-4BBC-83CA-4D45C1C3306E}.Debug|ARM.ActiveCfg = Debug|Win32
		{B3B7AD74-636E-4BBC-83CA-4D45C1C3306E}.Debug|ARM64.ActiveCfg = Debug|Win32
		{B3B7AD74-636E-4BBC-83CA-4D45C1C3306E}.Debug|x64.ActiveCfg = Debug|x64
		{B3B7AD74-636E-4BBC-83CA-4D45C1C3306E}.Debug|x64.Build.0 = Debug|x64
		{B3B7AD74-636E-4BBC-83CA-4D45C1C3306E}.Debug|x86.ActiveCfg = Debug|Win32
		{B3B7AD74-636E-4BBC-83CA-4D45C1C3306E}.Debug|x86.Build.0 = Debug|Win32
		{B3B7AD74-636E-4BBC-83CA-4D45C1C3306E}.Release|ARM.ActiveCfg = Release|Win32
		{B3B7AD74-636E-4BBC-83CA-4D45C1C3306E}.Release|ARM64.ActiveCfg = Release|Win32
		{B3B7AD74-636E-4BBC-83CA-4D45C1C3306E}.Release|x64.ActiveCfg = Release|x64
		{B3B7AD74-636E-4BBC-83CA-4D45C1C3306E}.Release|x64.Build.0 = Release|x64
		{B3B7AD74-636E-4BBC-83CA-4D45C1C3306E}.Release|x86.ActiveCfg = Release|Win32
		{B3B7AD74-636E-4BBC-83CA-4D45C1C3306E}.Release|x86.Build.0 = Release|Win32
		{72BEBD37-0FD3-4F20-A98B-F177A7896B7F}.Debug|ARM.ActiveCfg = Debug|Win32
		{72BEBD37-0FD3-4F20-A98B-F177A7896B7F}.Debug|ARM64.ActiveCfg = Debug|Win32
		{72BEBD37-0FD3-4F20-A98B-F177A7896B7F}.Debug|x64.ActiveCfg = Debug|x64
		{72BEBD37-0FD3-4F20-A98B-F177A7896B7F}.Debug|x64.Build.0 = Debug|x64
		{72BEBD37-0FD3-4F20-A98B-F177A7896B7F}.Debug|x86.ActiveCfg = Debug|Win32
		{72BEBD37-0FD3-4F20-A98B-F177A7896B7F}.Debug|x86.Build.0 = Debug|Win32
		{72BEBD37-0FD3-4F20-A98B-F177A7896B7F}.Release|ARM.ActiveCfg = Release|Win32
		{72BEBD37-0FD3-4F20-A98B-F177A7896B7F}.Release|ARM64.ActiveCfg = Release|Win32
		{72BEBD37-0FD3-4F20-A98B-F177A7896B7F}.Release|x64.ActiveCfg = Release|x64
		{72BEBD37-0FD3-4F20-A98B-F177A7896B7F}.Release|x64.Build.0 = Release|x64
		{72BEBD37-0FD3-4F20-A98B-F177A7896B7F}.Release|x86.ActiveCfg = Release|Win32
		{72BEBD37-0FD3-4F20-A98B-F177A7896B7F}.Release|x86.Build.0 = Release|Win32
		{0ADB8D54-D653-4067-B606-71135F91F55F}.Debug|ARM.ActiveCfg = Debug|Win32
		{0ADB8D54-D653-4067-B606-71135F91F55F}.Debug|ARM64.ActiveCfg = Debug|Win32
		{0ADB8D54-D653-4067-B606-71135F91F55F}.Debug|x64.ActiveCfg = Debug|x64
		{0ADB8D54-D653-4067-B606-71135F91F55F}.Debug|x64.Build.0 = Debug|x64
		{0ADB8D54-D653-4067-B606-71135F91F55F}.Debug|x86.ActiveCfg = Debug|Win32
		{0ADB8D54-D653-4067-B606-71135F91F55F}.Debug|x86.Build.0 = Debug|Win32
		{0ADB8D54-D653-4067-B606-71135F91F55F}.Release|ARM.ActiveCfg = Release|Win32
		{0ADB8D54-D653-4067-B606-71135F91F55F}.Release|ARM64.ActiveCfg = Release|Win32
		{0ADB8D54-D653-4067-B606-71135F91F55F}.Release|x64.ActiveCfg = Release|x64
		{0ADB8D54-D653-4067-B606-71135F91F55F}.Release|x64.Build.0 = Release|x64
		{0ADB8D54-D653-4067-B606-71135F91F55F}.Release|x86.ActiveCfg = Release|Win32
		{0ADB8D54-D653-4067-B606-71135F91F55F}.Release|x86.Build.0 = Release|Win32
		{85C14792-D57D-4E82-9B8C-ABF3FC962843}.Debug|ARM.ActiveCfg = Debug|Win32
		{85C14792-D57D-4E82-9B8C-ABF3FC962843}.Debug|ARM64.ActiveCfg = Debug|Win32
		{85C14792-D57D-4E82-9B8C-ABF3FC962843}.Debug|x64.ActiveCfg = Debug|x64
		{85C14792-D57D-4E82-9B8C-ABF3FC962843}.Debug|x64.Build.0 = Debug|x64
		{85C14792-D57D-4E82-9B8C-ABF3FC962843}.Debug|x86.ActiveCfg = Debug|Win32
		{85C14792-D57D-4E82-9B8C-ABF3FC962843}.Debug|x86.Build.0 = Debug|Win32
		{85C14792-D57D-4E82-9B8C-ABF3FC962843}.Release|ARM.ActiveCfg = Release|Win32
		{85C14792-D57D-4E82-9B8C-ABF3FC962843}.Release|ARM64.ActiveCfg = Release|Win32
		{85C14792-D57D-4E82-9B8C-ABF3FC962843}.Release|x64.ActiveCfg = Release|x64
		{85C14792-D57D-4E82-9B8C-ABF3FC962843}.Release|x64.Build.0 = Release|x64
		{85C14792-D57D-4E82-9B8C-ABF3FC962843}.Release|x86.ActiveCfg = Release|Win32
		{85C14792-D57D-4E82-9B8C-ABF3FC962843}.Release|x86.Build.0 = Release|Win32
		{8EABAFC3-1947-4A64-8F33-A6FBC3D23EA3}.Debug|ARM.ActiveCfg = Debug|Win32
		{8EABAFC3-1947-4A64-8F33-A6FBC3D23EA3}.Debug|ARM64.ActiveCfg = Debug|Win32
		{8EABAFC3-1947-4A64-8F33-A6FBC3D23EA3}.Debug|x64.ActiveCfg = Debug|x64
		{8EABAFC3-1947-4A64-8F33-A6FBC3D23EA3}.Debug|x64.Build.0 = Debug|x64
		{8EABAFC3-1947-4A64-8F33-A6FBC3D23EA3}.Debug|x86.ActiveCfg = Debug|Win32
		{8EABAFC3-1947-4A64-8F33-A6FBC3D23EA3}.Debug|x86.Build.0 = Debug|Win32
		{8EABAFC3-1947-4A64-8F33-A6FBC3D23EA3}.Release|ARM.ActiveCfg = Release|Win32
		{8EABAFC3-1947-4A64-8F33-A6FBC3D23EA3}.Release|ARM64.ActiveCfg = Release|Win32
		{8EABAFC3-1947-4A64-8F33-A6FBC3D23EA3}.Release|x64.ActiveCfg = Release|x64
		{8EABAFC3-1947-4A64-8F33-A6FBC3D23EA3}.Release|x64.Build.0 = Release|x64
		{8EABAFC3-1947-4A64-8F33-A6FBC3D23EA3}.Release|x86.ActiveCfg = Release|Win32
		{8EABAFC3-1947-4A64-8F33-A6FBC3D23EA3}.Release|x86.Build.0 = Release|Win32
		{E9DE2F6E-C498-403D-95EC-3D6401397DB8}.Debug|ARM.ActiveCfg = Debug|Win32
		{E9DE2F6E-C498-403D-95EC-3D6401397DB8}.Debug|ARM64.ActiveCfg = Debug|Win32
		{E9DE2F6E-C498-403D-95EC-3D6401397DB8}.Debug|x64.ActiveCfg = Debug|x64
		{E9DE2F6E-C498-403D-95EC-3D6401397DB8}.Debug|x64.Build.0 = Debug|x64
		{E9DE2F6E-C498-403D-95EC-3D6401397DB8}.Debug|x86.ActiveCfg = Debug|Win32
		{E9DE2F6E-C498-403D-95EC-3D6401397DB8}.Debug|x86.Build.0 = Debug|Win32
		{E9DE2F6E-C498-403D-95EC-3D6401397DB8}.Release|ARM.ActiveCfg = Release|Win32
		{E9DE2F6E-C498-403D-95EC-3D6401397DB8}.Release|ARM64.ActiveCfg = Release|Win32
		{E9DE2F6E-C498-403D-95EC-3D6401397DB8}.Release|x64.ActiveCfg = Release|x64
		{E9DE2F6E-C498-403D-95EC-3D6401397DB8}.Release|x64.Build.0 = Release|x64
		{E9DE2F6E-C498-403D-95EC-3D6401397DB8}.Release|x86.ActiveCfg = Release|Win32
		{E9DE2F6E-C498-403D-95EC-3D6401397DB8}.Release|x86.Build.0 = Release|Win32
		{9968FE09-84E5-43C6-9B19-C8F6C67C2711}.Debug|ARM.ActiveCfg = Debug|Win32
		{9968FE09-84E5-43C6-9B19-C8F6C67C2711}.Debug|ARM64.ActiveCfg = Debug|Win32
		{9968FE09-84E5-43C6-9B19-C8F6C67C2711}.Debug|x64.ActiveCfg = Debug|x64
		{9968FE09-84E5-43C6-9B19-C8F6C67C2711}.Debug|x64.Build.0 = Debug|x64
		{9968FE09-84E5-43C6-9B19-C8F6C67C2711}.Debug|x86.ActiveCfg = Debug|Win32
		{9968FE09-84E5-43C6-9B19-C8F6C67C2711}.Debug|x86.Build.0 = Debug|Win32
		{9968FE09-84E5-43C6-9B19-C8F6C67C2711}.Release|ARM.ActiveCfg = Release|Win32
		{9968FE09-84E5-43C6-9B19-C8F6C67C2711}.Release|ARM64.ActiveCfg = Release|Win32
		{9968FE09-84E5-43C6-9B19-C8F6C67C2711}.Release|x64.ActiveCfg = Release|x64
		{9968FE09-84E5-43C6-9B19-C8F6C67C2711}.Release|x64.Build.0 = Release|x64
		{9968FE09-84E5-43C6-9B19-C8F6C67C2711}.Release|x86.ActiveCfg = Release|Win32
		{9968FE09-84E5-43C6-9B19-C8F6C67C2711}.Release|x86.Build.0 = Release|Win32
		{102868B5-36ED-4914-BD8A-9A6E6150F2A1}.Debug|ARM.ActiveCfg = Debug|Win32
		{102868B5-36ED-4914-BD8A-9A6E6150F2A1}.Debug|ARM64.ActiveCfg = Debug|Win32
		{102868B5-36ED-4914-BD8A-9A6E6150F2A1}.Debug|x64.ActiveCfg = Debug|x64
		{102868B5-36ED-4914-BD8A-9A6E6150F2A1}.Debug|x64.Build.0 = Debug|x64
		{102868B5-36ED-4914-BD8A-9A6E6150F2A1}.Debug|x86.ActiveCfg = Debug|Win32
		{102868B5-36ED-4914-BD8A-9A6E6150F2A1}.Debug|x86.Build.0 = Debug|Win32
		{102868B5-36ED-4914-BD8A-9A6E6150F2A1}.Release|ARM.ActiveCfg = Release|Win32
		{102868B5-36ED-4914-BD8A-9A6E6150F2A1}.Release|ARM64.ActiveCfg = Release|Win32
		{102868B5-36ED-4914-BD8A-9A6E6150F2A1}.Release|x64.ActiveCfg = Release|x64
		{102868B5-36ED-4914-BD8A-9A6E6150F2A1}.Release|x64.Build.0 = Release|x64
		{102868B5-36ED-4914-BD8A-9A6E6150F2A1}.Release|x86.ActiveCfg = Release|Win32
		{102868B5-36ED-4914-BD8A-9A6E6150F2A1}.Release|x86.Build.0 = Release|Win32
		{9F699239-BC77-4873-8890-F7ACDC611D80}.Debug|ARM.ActiveCfg = Debug|Win32
		{9F699239-BC77-4873-8890-F7ACDC611D80}.Debug|ARM64.ActiveCfg = Debug|Win32
		{9F699239-BC77-4873-8890-F7ACDC611D80}.Debug|x64.ActiveCfg = Debug|x64
		{9F699239-BC77-4873-8890-F7ACDC611D80}.Debug|x64.Build.0 = Debug|x64
		{9F699239-BC77-4873-8890-F7ACDC611D80}.Debug|x86.ActiveCfg = Debug|Win32
		{9F699239-BC77-4873-8890-F7ACDC611D80}.Debug|x86.Build.0 = Debug|Win32
		{9F699239-BC77-4873-8890-F7ACDC611D80}.Release|ARM.ActiveCfg = Release|Win32
		{9F699239-BC77-4873-8890-F7ACDC611D80}.Release|ARM64.ActiveCfg = Release|Win32
		{9F699239-BC77-4873-8890-F7ACDC611D80}.Release|x64.ActiveCfg = Release|x64
		{9F699239-BC77-4873-8890-F7ACDC611D80}.Release|x64.Build.0 = Release|x64
		{9F699239-BC77-4873-8890-F7ACDC611D80}.Release|x86.ActiveCfg = Release|Win32
		{9F699239-BC77-4873-8890-F7ACDC611D80}.Release|x86.Build.0 = Release|Win32
		{4236AD98-15BC-4665-9279-FE304C262C6C}.Debug|ARM.ActiveCfg = Debug|Win32
		{4236AD98-15BC-4665-9279-FE304C262C6C}.Debug|ARM64.ActiveCfg = Debug|Win32
		{4236AD98-15BC-4665-9279-FE304C262C6C}.Debug|x64.ActiveCfg = Debug|x64
		{4236AD98-15BC-4665-9279-FE304C262C6C}.Debug|x64.Build.0 = Debug|x64
		{4236AD98-15BC-4665-9279-FE304C262C6C}.Debug|x86.ActiveCfg = Debug|Win32
		{4236AD98-15BC-4665-9279-FE304C262C6C}.Debug|x86.Build.0 = Debug|Win32
		{4236AD98-15BC-4665-9279-FE304C262C6C}.Release|ARM.ActiveCfg = Release|Win32
		{4236AD98-15BC-4665-9279-FE304C262C6C}.Release|ARM64.ActiveCfg = Release|Win32
		{4236AD98-15BC-4665-9279-FE304C262C6C}.Release|x64.ActiveCfg = Release|x64
		{4236AD98-15BC-4665-9279-FE304C262C6C}.Release|x64.Build.0 = Release|x64
		{4236AD98-15BC-4665-9279-FE304C262C6C}.Release|x86.ActiveCfg = Release|Win32
		{4236AD98-15BC-4665-9279-FE304C262C6C}.Release|x86.Build.0 = Release|Win32
		{03D5FC08-CC43-4B61-A224-B45469750E5F}.Debug|ARM.ActiveCfg = Debug|ARM
		{03D5FC08-CC43-4B61-A224-B45469750E5F}.Debug|ARM.Build.0 = Debug|ARM
		{03D5FC08-CC43-4B61-A224-B45469750E5F}.Debug|ARM.Deploy.0 = Debug|ARM
		{03D5FC08-CC43-4B61-A224-B45469750E5F}.Debug|ARM64.ActiveCfg = Debug|ARM64
		{03D5FC08-CC43-4B61-A224-B45469750E5F}.Debug|ARM64.Build.0 = Debug|ARM64
		{03D5FC08-CC43-4B61-A224-B45469750E5F}.Debug|ARM64.Deploy.0 = Debug|ARM64
		{03D5FC08-CC43-4B61-A224-B45469750E5F}.Debug|x64.ActiveCfg = Debug|x64
		{03D5FC08-CC43-4B61-A224-B45469750E5F}.Debug|x64.Build.0 = Debug|x64
		{03D5FC08-CC43-4B61-A224-B45469750E5F}.Debug|x64.Deploy.0 = Debug|x64
		{03D5FC08-CC43-4B61-A224-B45469750E5F}.Debug|x86.ActiveCfg = Debug|Win32
		{03D5FC08-CC43-4B61-A224-B45469750E5F}.Debug|x86.Build.0 = Debug|Win32
		{03D5FC08-CC43-4B61-A224-B45469750E5F}.Debug|x86.Deploy.0 = Debug|Win32
		{03D5FC08-CC43-4B61-A224-B45469750E5F}.Release|ARM.ActiveCfg = Release|ARM
		{03D5FC08-CC43-4B61-A224-B45469750E5F}.Release|ARM.Build.0 = Release|ARM
		{03D5FC08-CC43-4B61-A224-B45469750E5F}.Release|ARM.Deploy.0 = Release|ARM
		{03D5FC08-CC43-4B61-A224-B45469750E5F}.Release|ARM64.ActiveCfg = Release|ARM64
		{03D5FC08-CC43-4B61-A224-B45469750E5F}.Release|ARM64.Build.0 = Release|ARM64
		{03D5FC08-CC43-4B61-A224-B45469750E5F}.Release|ARM64.Deploy.0 = Release|ARM64
		{03D5FC08-CC43-4B61-A224-B45469750E5F}.Release|x64.ActiveCfg = Release|x64
		{03D5FC08-CC43-4B61-A224-B45469750E5F}.Release|x64.Build.0 = Release|x64
		{03D5FC08-CC43-4B61-A224-B45469750E5F}.Release|x64.Deploy.0 = Release|x64
		{03D5FC08-CC43-4B61-A224-B45469750E5F}.Release|x86.ActiveCfg = Release|Win32
		{03D5FC08-CC43-4B61-A224-B45469750E5F}.Release|x86.Build.0 = Release|Win32
		{03D5FC08-CC43-4B61-A224-B45469750E5F}.Release|x86.Deploy.0 = Release|Win32
		{0A4154E9-5ABB-4A8E-9894-E6DDB0D4A134}.Debug|ARM.ActiveCfg = Debug|ARM
		{0A4154E9-5ABB-4A8E-9894-E6DDB0D4A134}.Debug|ARM.Build.0 = Debug|ARM
		{0A4154E9-5ABB-4A8E-9894-E6DDB0D4A134}.Debug|ARM.Deploy.0 = Debug|ARM
		{0A4154E9-5ABB-4A8E-9894-E6DDB0D4A134}.Debug|ARM64.ActiveCfg = Debug|ARM64
		{0A4154E9-5ABB-4A8E-9894-E6DDB0D4A134}.Debug|ARM64.Build.0 = Debug|ARM64
		{0A4154E9-5ABB-4A8E-9894-E6DDB0D4A134}.Debug|ARM64.Deploy.0 = Debug|ARM64
		{0A4154E9-5ABB-4A8E-9894-E6DDB0D4A134}.Debug|x64.ActiveCfg = Debug|x64
		{0A4154E9-5ABB-4A8E-9894-E6DDB0D4A134}.Debug|x64.Build.0 = Debug|x64
		{0A4154E9-5ABB-4A8E-9894-E6DDB0D4A134}.Debug|x64.Deploy.0 = Debug|x64
		{0A4154E9-5ABB-4A8E-9894-E6DDB0D4A134}.Debug|x86.ActiveCfg = Debug|Win32
		{0A4154E9-5ABB-4A8E-9894-E6DDB0D4A134}.Debug|x86.Build.0 = Debug|Win32
		{0A4154E9-5ABB-4A8E-9894-E6DDB0D4A134}.Debug|x86.Deploy.0 = Debug|Win32
		{0A4154E9-5ABB-4A8E-9894-E6DDB0D4A134}.Release|ARM.ActiveCfg = Release|ARM
		{0A4154E9-5ABB-4A8E-9894-E6DDB0D4A134}.Release|ARM.Build.0 = Release|ARM
		{0A4154E9-5ABB-4A8E-9894-E6DDB0D4A134}.Release|ARM.Deploy.0 = Release|ARM
		{0A4154E9-5ABB-4A8E-9894-E6DDB0D4A134}.Release|ARM64.ActiveCfg = Release|ARM64
		{0A4154E9-5ABB-4A8E-9894-E6DDB0D4A134}.Release|ARM64.Build.0 = Release|ARM64
		{0A4154E9-5ABB-4A8E-9894-E6DDB0D4A134}.Release|ARM64.Deploy.0 = Release|ARM64
		{0A4154E9-5ABB-4A8E-9894-E6DDB0D4A134}.Release|x64.ActiveCfg = Release|x64
		{0A4154E9-5ABB-4A8E-9894-E6DDB0D4A134}.Release|x64.Build.0 = Release|x64
		{0A4154E9-5ABB-4A8E-9894-E6DDB0D4A134}.Release|x64.Deploy.0 = Release|x64
		{0A4154E9-5ABB-4A8E-9894-E6DDB0D4A134}.Release|x86.ActiveCfg = Release|Win32
		{0A4154E9-5ABB-4A8E-9894-E6DDB0D4A134}.Release|x86.Build.0 = Release|Win32
		{0A4154E9-5ABB-4A8E-9894-E6DDB0D4A134}.Release|x86.Deploy.0 = Release|Win32
		{92BF2967-0591-413B-BF73-A0DDE8216741}.Debug|ARM.ActiveCfg = Debug|ARM
		{92BF2967-0591-413B-BF73-A0DDE8216741}.Debug|ARM.Build.0 = Debug|ARM
		{92BF2967-0591-413B-BF73-A0DDE8216741}.Debug|ARM.Deploy.0 = Debug|ARM
		{92BF2967-0591-413B-BF73-A0DDE8216741}.Debug|ARM64.ActiveCfg = Debug|ARM64
		{92BF2967-0591-413B-BF73-A0DDE8216741}.Debug|ARM64.Build.0 = Debug|ARM64
		{92BF2967-0591-413B-BF73-A0DDE8216741}.Debug|ARM64.Deploy.0 = Debug|ARM64
		{92BF2967-0591-413B-BF73-A0DDE8216741}.Debug|x64.ActiveCfg = Debug|x64
		{92BF2967-0591-413B-BF73-A0DDE8216741}.Debug|x64.Build.0 = Debug|x64
		{92BF2967-0591-413B-BF73-A0DDE8216741}.Debug|x64.Deploy.0 = Debug|x64
		{92BF2967-0591-413B-BF73-A0DDE8216741}.Debug|x86.ActiveCfg = Debug|Win32
		{92BF2967-0591-413B-BF73-A0DDE8216741}.Debug|x86.Build.0 = Debug|Win32
		{92BF2967-0591-413B-BF73-A0DDE8216741}.Debug|x86.Deploy.0 = Debug|Win32
		{92BF2967-0591-413B-BF73-A0DDE8216741}.Release|ARM.ActiveCfg = Release|ARM
		{92BF2967-0591-413B-BF73-A0DDE8216741}.Release|ARM.Build.0 = Release|ARM
		{92BF2967-0591-413B-BF73-A0DDE8216741}.Release|ARM.Deploy.0 = Release|ARM
		{92BF2967-0591-413B-BF73-A0DDE8216741}.Release|ARM64.ActiveCfg = Release|ARM64
		{92BF2967-0591-413B-BF73-A0DDE8216741}.Release|ARM64.Build.0 = Release|ARM64
		{92BF2967-0591-413B-BF73-A0DDE8216741}.Release|ARM64.Deploy.0 = Release|ARM64
		{92BF2967-0591-413B-BF73-A0DDE8216741}.Release|x64.ActiveCfg = Release|x64
		{92BF2967-0591-413B-BF73-A0DDE8216741}.Release|x64.Build.0 = Release|x64
		{92BF2967-0591-413B-BF73-A0DDE8216741}.Release|x64.Deploy.0 = Release|x64
		{92BF2967-0591-413B-BF73-A0DDE8216741}.Release|x86.ActiveCfg = Release|Win32
		{92BF2967-0591-413B-BF73-A0DDE8216741}.Release|x86.Build.0 = Release|Win32
		{92BF2967-0591-413B-BF73-A0DDE8216741}.Release|x86.Deploy.0 = Release|Win32
		{6CF283F4-6A25-4547-909F-FB8F86120BC8}.Debug|ARM.ActiveCfg = Debug|ARM
		{6CF283F4-6A25-4547-909F-FB8F86120BC8}.Debug|ARM.Build.0 = Debug|ARM
		{6CF283F4-6A25-4547-909F-FB8F86120BC8}.Debug|ARM.Deploy.0 = Debug|ARM
		{6CF283F4-6A25-4547-909F-FB8F86120BC8}.Debug|ARM64.ActiveCfg = Debug|ARM64
		{6CF283F4-6A25-4547-909F-FB8F86120BC8}.Debug|ARM64.Build.0 = Debug|ARM64
		{6CF283F4-6A25-4547-909F-FB8F86120BC8}.Debug|ARM64.Deploy.0 = Debug|ARM64
		{6CF283F4-6A25-4547-909F-FB8F86120BC8}.Debug|x64.ActiveCfg = Debug|x64
		{6CF283F4-6A25-4547-909F-FB8F86120BC8}.Debug|x64.Build.0 = Debug|x64
		{6CF283F4-6A25-4547-909F-FB8F86120BC8}.Debug|x64.Deploy.0 = Debug|x64
		{6CF283F4-6A25-4547-909F-FB8F86120BC8}.Debug|x86.ActiveCfg = Debug|Win32
		{6CF283F4-6A25-4547-909F-FB8F86120BC8}.Debug|x86.Build.0 = Debug|Win32
		{6CF283F4-6A25-4547-909F-FB8F86120BC8}.Debug|x86.Deploy.0 = Debug|Win32
		{6CF283F4-6A25-4547-909F-FB8F86120BC8}.Release|ARM.ActiveCfg = Release|ARM
		{6CF283F4-6A25-4547-909F-FB8F86120BC8}.Release|ARM.Build.0 = Release|ARM
		{6CF283F4-6A25-4547-909F-FB8F86120BC8}.Release|ARM.Deploy.0 = Release|ARM
		{6CF283F4-6A25-4547-909F-FB8F86120BC8}.Release|ARM64.ActiveCfg = Release|ARM64
		{6CF283F4-6A25-4547-909F-FB8F86120BC8}.Release|ARM64.Build.0 = Release|ARM64
		{6CF283F4-6A25-4547-909F-FB8F86120BC8}.Release|ARM64.Deploy.0 = Release|ARM64
		{6CF283F4-6A25-4547-909F-FB8F86120BC8}.Release|x64.ActiveCfg = Release|x64
		{6CF283F4-6A25-4547-909F-FB8F86120BC8}.Release|x64.Build.0 = Release|x64
		{6CF283F4-6A25-4547-909F-FB8F86120BC8}.Release|x64.Deploy.0 = Release|x64
		{6CF283F4-6A25-4547-909F-FB8F86120BC8}.Release|x86.ActiveCfg = Release|Win32
		{6CF283F4-6A25-4547-909F-FB8F86120BC8}.Release|x86.Build.0 = Release|Win32
		{6CF283F4-6A25-4547-909F-FB8F86120BC8}.Release|x86.Deploy.0 = Release|Win32
		{5C970AB7-536E-48F8-A51D-BC75FE1CB8C1}.Debug|ARM.ActiveCfg = Debug|Win32
		{5C970AB7-536E-48F8-A51D-BC75FE1CB8C1}.Debug|ARM64.ActiveCfg = Debug|Win32
		{5C970AB7-536E-48F8-A51D-BC75FE1CB8C1}.Debug|x64.ActiveCfg = Debug|x64
		{5C970AB7-536E-48F8-A51D-BC75FE1CB8C1}.Debug|x64.Build.0 = Debug|x64
		{5C970AB7-536E-48F8-A51D-BC75FE1CB8C1}.Debug|x86.ActiveCfg = Debug|Win32
		{5C970AB7-536E-48F8-A51D-BC75FE1CB8C1}.Debug|x86.Build.0 = Debug|Win32
		{5C970AB7-536E-48F8-A51D-BC75FE1CB8C1}.Release|ARM.ActiveCfg = Release|Win32
		{5C970AB7-536E-48F8-A51D-BC75FE1CB8C1}.Release|ARM64.ActiveCfg = Release|Win32
		{5C970AB7-536E-48F8-A51D-BC75FE1CB8C1}.Release|x64.ActiveCfg = Release|x64
		{5C970AB7-536E-48F8-A51D-BC75FE1CB8C1}.Release|x64.Build.0 = Release|x64
		{5C970AB7-536E-48F8-A51D-BC75FE1CB8C1}.Release|x86.ActiveCfg = Release|Win32
		{5C970AB7-536E-48F8-A51D-BC75FE1CB8C1}.Release|x86.Build.0 = Release|Win32
		{D9689F88-797E-43C3-B3BE-286A7FD4A824}.Debug|ARM.ActiveCfg = Debug|Win32
		{D9689F88-797E-43C3-B3BE-286A7FD4A824}.Debug|ARM64.ActiveCfg = Debug|Win32
		{D9689F88-797E-43C3-B3BE-286A7FD4A824}.Debug|x64.ActiveCfg = Debug|x64
		{D9689F88-797E-43C3-B3BE-286A7FD4A824}.Debug|x64.Build.0 = Debug|x64
		{D9689F88-797E-43C3-B3BE-286A7FD4A824}.Debug|x86.ActiveCfg = Debug|Win32
		{D9689F88-797E-43C3-B3BE-286A7FD4A824}.Debug|x86.Build.0 = Debug|Win32
		{D9689F88-797E-43C3-B3BE-286A7FD4A824}.Release|ARM.ActiveCfg = Release|Win32
		{D9689F88-797E-43C3-B3BE-286A7FD4A824}.Release|ARM64.ActiveCfg = Release|Win32
		{D9689F88-797E-43C3-B3BE-286A7FD4A824}.Release|x64.ActiveCfg = Release|x64
		{D9689F88-797E-43C3-B3BE-286A7FD4A824}.Release|x64.Build.0 = Release|x64
		{D9689F88-797E-43C3-B3BE-286A7FD4A824}.Release|x86.ActiveCfg = Release|Win32
		{D9689F88-797E-43C3-B3BE-286A7FD4A824}.Release|x86.Build.0 = Release|Win32
		{C60AEDF4-2BD8-4059-B2D1-CB2093B40C72}.Debug|ARM.ActiveCfg = Debug|Win32
		{C60AEDF4-2BD8-4059-B2D1-CB2093B40C72}.Debug|ARM64.ActiveCfg = Debug|Win32
		{C60AEDF4-2BD8-4059-B2D1-CB2093B40C72}.Debug|x64.ActiveCfg = Debug|x64
		{C60AEDF4-2BD8-4059-B2D1-CB2093B40C72}.Debug|x64.Build.0 = Debug|x64
		{C60AEDF4-2BD8-4059-B2D1-CB2093B40C72}.Debug|x86.ActiveCfg = Debug|Win32
		{C60AEDF4-2BD8-4059-B2D1-CB2093B40C72}.Debug|x86.Build.0 = Debug|Win32
		{C60AEDF4-2BD8-4059-B2D1-CB2093B40C72}.Release|ARM.ActiveCfg = Release|Win32
		{C60AEDF4-2BD8-4059-B2D1-CB2093B40C72}.Release|ARM64.ActiveCfg = Release|Win32
		{C60AEDF4-2BD8-4059-B2D1-CB2093B40C72}.Release|x64.ActiveCfg = Release|x64
		{C60AEDF4-2BD8-4059-B2D1-CB2093B40C72}.Release|x64.Build.0 = Release|x64
		{C60AEDF4-2BD8-4059-B2D1-CB2093B40C72}.Release|x86.ActiveCfg = Release|Win32
		{C60AEDF4-2BD8-4059-B2D1-CB2093B40C72}.Release|x86.Build.0 = Release|Win32
		{6ABF99DE-19A1-4896-8735-B556289F627A}.Debug|ARM.ActiveCfg = Debug|Win32
		{6ABF99DE-19A1-4896-8735-B556289F627A}.Debug|ARM64.ActiveCfg = Debug|Win32
		{6ABF99DE-19A1-4896-8735-B556289F627A}.Debug|x64.ActiveCfg = Debug|x64
		{6ABF99DE-19A1-4896-8735-B556289F627A}.Debug|x64.Build.0 = Debug|x64
		{6ABF99DE-19A1-4896-8735-B556289F627A}.Debug|x86.ActiveCfg = Debug|Win32
		{6ABF99DE-19A1-4896-8735-B556289F627A}.Debug|x86.Build.0 = Debug|Win32
		{6ABF99DE-19A1-4896-8735-B556289F627A}.Release|ARM.ActiveCfg = Release|Win32
		{6ABF99DE-19A1-4896-8735-B556289F627A}.Release|ARM64.ActiveCfg = Release|Win32
		{6ABF99DE-19A1-4896-8735-B556289F627A}.Release|x64.ActiveCfg = Release|x64
		{6ABF99DE-19A1-4896-8735-B556289F627A}.Release|x64.Build.0 = Release|x64
		{6ABF99DE-19A1-4896-8735-B556289F627A}.Release|x86.ActiveCfg = Release|Win32
		{6ABF99DE-19A1-4896-8735-B556289F627A}.Release|x86.Build.0 = Release|Win32
		{AE48F8D7-DC74-48B6-9ABE-7028BA7EC367}.Debug|ARM.ActiveCfg = Debug|ARM
		{AE48F8D7-DC74-48B6-9ABE-7028BA7EC367}.Debug|ARM.Build.0 = Debug|ARM
		{AE48F8D7-DC74-48B6-9ABE-7028BA7EC367}.Debug|ARM.Deploy.0 = Debug|ARM
		{AE48F8D7-DC74-48B6-9ABE-7028BA7EC367}.Debug|ARM64.ActiveCfg = Debug|ARM64
		{AE48F8D7-DC74-48B6-9ABE-7028BA7EC367}.Debug|ARM64.Build.0 = Debug|ARM64
		{AE48F8D7-DC74-48B6-9ABE-7028BA7EC367}.Debug|ARM64.Deploy.0 = Debug|ARM64
		{AE48F8D7-DC74-48B6-9ABE-7028BA7EC367}.Debug|x64.ActiveCfg = Debug|x64
		{AE48F8D7-DC74-48B6-9ABE-7028BA7EC367}.Debug|x64.Build.0 = Debug|x64
		{AE48F8D7-DC74-48B6-9ABE-7028BA7EC367}.Debug|x64.Deploy.0 = Debug|x64
		{AE48F8D7-DC74-48B6-9ABE-7028BA7EC367}.Debug|x86.ActiveCfg = Debug|Win32
		{AE48F8D7-DC74-48B6-9ABE-7028BA7EC367}.Debug|x86.Build.0 = Debug|Win32
		{AE48F8D7-DC74-48B6-9ABE-7028BA7EC367}.Debug|x86.Deploy.0 = Debug|Win32
		{AE48F8D7-DC74-48B6-9ABE-7028BA7EC367}.Release|ARM.ActiveCfg = Release|ARM
		{AE48F8D7-DC74-48B6-9ABE-7028BA7EC367}.Release|ARM.Build.0 = Release|ARM
		{AE48F8D7-DC74-48B6-9ABE-7028BA7EC367}.Release|ARM.Deploy.0 = Release|ARM
		{AE48F8D7-DC74-48B6-9ABE-7028BA7EC367}.Release|ARM64.ActiveCfg = Release|ARM64
		{AE48F8D7-DC74-48B6-9ABE-7028BA7EC367}.Release|ARM64.Build.0 = Release|ARM64
		{AE48F8D7-DC74-48B6-9ABE-7028BA7EC367}.Release|ARM64.Deploy.0 = Release|ARM64
		{AE48F8D7-DC74-48B6-9ABE-7028BA7EC367}.Release|x64.ActiveCfg = Release|x64
		{AE48F8D7-DC74-48B6-9ABE-7028BA7EC367}.Release|x64.Build.0 = Release|x64
		{AE48F8D7-DC74-48B6-9ABE-7028BA7EC367}.Release|x64.Deploy.0 = Release|x64
		{AE48F8D7-DC74-48B6-9ABE-7028BA7EC367}.Release|x86.ActiveCfg = Release|Win32
		{AE48F8D7-DC74-48B6-9ABE-7028BA7EC367}.Release|x86.Build.0 = Release|Win32
		{AE48F8D7-DC74-48B6-9ABE-7028BA7EC367}.Release|x86.Deploy.0 = Release|Win32
		{D767D390-803C-489C-93F3-0F567E1E5C9B}.Debug|ARM.ActiveCfg = Debug|Win32
		{D767D390-803C-489C-93F3-0F567E1E5C9B}.Debug|ARM64.ActiveCfg = Debug|Win32
		{D767D390-803C-489C-93F3-0F567E1E5C9B}.Debug|x64.ActiveCfg = Debug|x64
		{D767D390-803C-489C-93F3-0F567E1E5C9B}.Debug|x64.Build.0 = Debug|x64
		{D767D390-803C-489C-93F3-0F567E1E5C9B}.Debug|x86.ActiveCfg = Debug|Win32
		{D767D390-803C-489C-93F3-0F567E1E5C9B}.Debug|x86.Build.0 = Debug|Win32
		{D767D390-803C-489C-93F3-0F567E1E5C9B}.Release|ARM.ActiveCfg = Release|Win32
		{D767D390-803C-489C-93F3-0F567E1E5C9B}.Release|ARM64.ActiveCfg = Release|Win32
		{D767D390-803C-489C-93F3-0F567E1E5C9B}.Release|x64.ActiveCfg = Release|x64
		{D767D390-803C-489C-93F3-0F567E1E5C9B}.Release|x64.Build.0 = Release|x64
		{D767D390-803C-489C-93F3-0F567E1E5C9B}.Release|x86.ActiveCfg = Release|Win32
		{D767D390-803C-489C-93F3-0F567E1E5C9B}.Release|x86.Build.0 = Release|Win32
		{F78FD1A7-F38B-49B1-9BD6-DE78601FF0D9}.Debug|ARM.ActiveCfg = Debug|Win32
		{F78FD1A7-F38B-49B1-9BD6-DE78601FF0D9}.Debug|ARM64.ActiveCfg = Debug|Win32
		{F78FD1A7-F38B-49B1-9BD6-DE78601FF0D9}.Debug|x64.ActiveCfg = Debug|x64
		{F78FD1A7-F38B-49B1-9BD6-DE78601FF0D9}.Debug|x64.Build.0 = Debug|x64
		{F78FD1A7-F38B-49B1-9BD6-DE78601FF0D9}.Debug|x86.ActiveCfg = Debug|Win32
		{F78FD1A7-F38B-49B1-9BD6-DE78601FF0D9}.Debug|x86.Build.0 = Debug|Win32
		{F78FD1A7-F38B-49B1-9BD6-DE78601FF0D9}.Release|ARM.ActiveCfg = Release|Win32
		{F78FD1A7-F38B-49B1-9BD6-DE78601FF0D9}.Release|ARM64.ActiveCfg = Release|Win32
		{F78FD1A7-F38B-49B1-9BD6-DE78601FF0D9}.Release|x64.ActiveCfg = Release|x64
		{F78FD1A7-F38B-49B1-9BD6-DE78601FF0D9}.Release|x64.Build.0 = Release|x64
		{F78FD1A7-F38B-49B1-9BD6-DE78601FF0D9}.Release|x86.ActiveCfg = Release|Win32
		{F78FD1A7-F38B-49B1-9BD6-DE78601FF0D9}.Release|x86.Build.0 = Release|Win32
		{0D8CE167-8CB5-4FB8-A75A-A37EB7D638B5}.Debug|ARM.ActiveCfg = Debug|Win32
		{0D8CE167-8CB5-4FB8-A75A-A37EB7D638B5}.Debug|ARM64.ActiveCfg = Debug|Win32
		{0D8CE167-8CB5-4FB8-A75A-A37EB7D638B5}.Debug|x64.ActiveCfg = Debug|x64
		{0D8CE167-8CB5-4FB8-A75A-A37EB7D638B5}.Debug|x64.Build.0 = Debug|x64
		{0D8CE167-8CB5-4FB8-A75A-A37EB7D638B5}.Debug|x86.ActiveCfg = Debug|Win32
		{0D8CE167-8CB5-4FB8-A75A-A37EB7D638B5}.Debug|x86.Build.0 = Debug|Win32
		{0D8CE167-8CB5-4FB8-A75A-A37EB7D638B5}.Release|ARM.ActiveCfg = Release|Win32
		{0D8CE167-8CB5-4FB8-A75A-A37EB7D638B5}.Release|ARM64.ActiveCfg = Release|Win32
		{0D8CE167-8CB5-4FB8-A75A-A37EB7D638B5}.Release|x64.ActiveCfg = Release|x64
		{0D8CE167-8CB5-4FB8-A75A-A37EB7D638B5}.Release|x64.Build.0 = Release|x64
		{0D8CE167-8CB5-4FB8-A75A-A37EB7D638B5}.Release|x86.ActiveCfg = Release|Win32
		{0D8CE167-8CB5-4FB8-A75A-A37EB7D638B5}.Release|x86.Build.0 = Release|Win32
		{EFBB0386-37E5-4CD3-82F7-A1D64BE280F8}.Debug|ARM.ActiveCfg = Debug|Win32
		{EFBB0386-37E5-4CD3-82F7-A1D64BE280F8}.Debug|ARM64.ActiveCfg = Debug|Win32
		{EFBB0386-37E5-4CD3-82F7-A1D64BE280F8}.Debug|x64.ActiveCfg = Debug|x64
		{EFBB0386-37E5-4CD3-82F7-A1D64BE280F8}.Debug|x64.Build.0 = Debug|x64
		{EFBB0386-37E5-4CD3-82F7-A1D64BE280F8}.Debug|x86.ActiveCfg = Debug|Win32
		{EFBB0386-37E5-4CD3-82F7-A1D64BE280F8}.Debug|x86.Build.0 = Debug|Win32
		{EFBB0386-37E5-4CD3-82F7-A1D64BE280F8}.Release|ARM.ActiveCfg = Release|Win32
		{EFBB0386-37E5-4CD3-82F7-A1D64BE280F8}.Release|ARM64.ActiveCfg = Release|Win32
		{EFBB0386-37E5-4CD3-82F7-A1D64BE280F8}.Release|x64.ActiveCfg = Release|x64
		{EFBB0386-37E5-4CD3-82F7-A1D64BE280F8}.Release|x64.Build.0 = Release|x64
		{EFBB0386-37E5-4CD3-82F7-A1D64BE280F8}.Release|x86.ActiveCfg = Release|Win32
		{EFBB0386-37E5-4CD3-82F7-A1D64BE280F8}.Release|x86.Build.0 = Release|Win32
		{793AECB0-7348-444D-81DE-8423476E08E6}.Debug|ARM.ActiveCfg = Debug|Win32
		{793AECB0-7348-444D-81DE-8423476E08E6}.Debug|ARM64.ActiveCfg = Debug|Win32
		{793AECB0-7348-444D-81DE-8423476E08E6}.Debug|x64.ActiveCfg = Debug|x64
		{793AECB0-7348-444D-81DE-8423476E08E6}.Debug|x64.Build.0 = Debug|x64
		{793AECB0-7348-444D-81DE-8423476E08E6}.Debug|x86.ActiveCfg = Debug|Win32
		{793AECB0-7348-444D-81DE-8423476E08E6}.Debug|x86.Build.0 = Debug|Win32
		{793AECB0-7348-444D-81DE-8423476E08E6}.Release|ARM.ActiveCfg = Release|Win32
		{793AECB0-7348-444D-81DE-8423476E08E6}.Release|ARM64.ActiveCfg = Release|Win32
		{793AECB0-7348-444D-81DE-8423476E08E6}.Release|x64.ActiveCfg = Release|x64
		{793AECB0-7348-444D-81DE-8423476E08E6}.Release|x64.Build.0 = Release|x64
		{793AECB0-7348-444D-81DE-8423476E08E6}.Release|x86.ActiveCfg = Release|Win32
		{793AECB0-7348-444D-81DE-8423476E08E6}.Release|x86.Build.0 = Release|Win32
		{3D76B5B9-CAAE-4803-A42F-8D0BDA04A6CF}.Debug|ARM.ActiveCfg = Debug|ARM
		{3D76B5B9-CAAE-4803-A42F-8D0BDA04A6CF}.Debug|ARM.Build.0 = Debug|ARM
		{3D76B5B9-CAAE-4803-A42F-8D0BDA04A6CF}.Debug|ARM.Deploy.0 = Debug|ARM
		{3D76B5B9-CAAE-4803-A42F-8D0BDA04A6CF}.Debug|ARM64.ActiveCfg = Debug|ARM64
		{3D76B5B9-CAAE-4803-A42F-8D0BDA04A6CF}.Debug|ARM64.Build.0 = Debug|ARM64
		{3D76B5B9-CAAE-4803-A42F-8D0BDA04A6CF}.Debug|ARM64.Deploy.0 = Debug|ARM64
		{3D76B5B9-CAAE-4803-A42F-8D0BDA04A6CF}.Debug|x64.ActiveCfg = Debug|x64
		{3D76B5B9-CAAE-4803-A42F-8D0BDA04A6CF}.Debug|x64.Build.0 = Debug|x64
		{3D76B5B9-CAAE-4803-A42F-8D0BDA04A6CF}.Debug|x64.Deploy.0 = Debug|x64
		{3D76B5B9-CAAE-4803-A42F-8D0BDA04A6CF}.Debug|x86.ActiveCfg = Debug|Win32
		{3D76B5B9-CAAE-4803-A42F-8D0BDA04A6CF}.Debug|x86.Build.0 = Debug|Win32
		{3D76B5B9-CAAE-4803-A42F-8D0BDA04A6CF}.Debug|x86.Deploy.0 = Debug|Win32
		{3D76B5B9-CAAE-4803-A42F-8D0BDA04A6CF}.Release|ARM.ActiveCfg = Release|ARM
		{3D76B5B9-CAAE-4803-A42F-8D0BDA04A6CF}.Release|ARM.Build.0 = Release|ARM
		{3D76B5B9-CAAE-4803-A42F-8D0BDA04A6CF}.Release|ARM.Deploy.0 = Release|ARM
		{3D76B5B9-CAAE-4803-A42F-8D0BDA04A6CF}.Release|ARM64.ActiveCfg = Release|ARM64
		{3D76B5B9-CAAE-4803-A42F-8D0BDA04A6CF}.Release|ARM64.Build.0 = Release|ARM64
		{3D76B5B9-CAAE-4803-A42F-8D0BDA04A6CF}.Release|ARM64.Deploy.0 = Release|ARM64
		{3D76B5B9-CAAE-4803-A42F-8D0BDA04A6CF}.Release|x64.ActiveCfg = Release|x64
		{3D76B5B9-CAAE-4803-A42F-8D0BDA04A6CF}.Release|x64.Build.0 = Release|x64
		{3D76B5B9-CAAE-4803-A42F-8D0BDA04A6CF}.Release|x64.Deploy.0 = Release|x64
		{3D76B5B9-CAAE-4803-A42F-8D0BDA04A6CF}.Release|x86.ActiveCfg = Release|Win32
		{3D76B5B9-CAAE-4803-A42F-8D0BDA04A6CF}.Release|x86.Build.0 = Release|Win32
		{3D76B5B9-CAAE-4803-A42F-8D0BDA04A6CF}.Release|x86.Deploy.0 = Release|Win32
		{F38D2C4A-90DE-48FB-9FED-1CA9CF59F4DB}.Debug|ARM.ActiveCfg = Debug|Win32
		{F38D2C4A-90DE-48FB-9FED-1CA9CF59F4DB}.Debug|ARM64.ActiveCfg = Debug|Win32
		{F38D2C4A-90DE-48FB-9FED-1CA9CF59F4DB}.Debug|x64.ActiveCfg = Debug|x64
		{F38D2C4A-90DE-48FB-9FED-1CA9CF59F4DB}.Debug|x64.Build.0 = Debug|x64
		{F38D2C4A-90DE-48FB-9FED-1CA9CF59F4DB}.Debug|x86.ActiveCfg = Debug|Win32
		{F38D2C4A-90DE-48FB-9FED-1CA9CF59F4DB}.Debug|x86.Build.0 = Debug|Win32
		{F38D2C4A-90DE-48FB-9FED-1CA9CF59F4DB}.Release|ARM.ActiveCfg = Release|Win32
		{F38D2C4A-90DE-48FB-9FED-1CA9CF59F4DB}.Release|ARM64.ActiveCfg = Release|Win32
		{F38D2C4A-90DE-48FB-9FED-1CA9CF59F4DB}.Release|x64.ActiveCfg = Release|x64
		{F38D2C4A-90DE-48FB-9FED-1CA9CF59F4DB}.Release|x64.Build.0 = Release|x64
		{F38D2C4A-90DE-48FB-9FED-1CA9CF59F4DB}.Release|x86.ActiveCfg = Release|Win32
		{F38D2C4A-90DE-48FB-9FED-1CA9CF59F4DB}.Release|x86.Build.0 = Release|Win32
		{65F86FC9-BBDC-4C93-AE26-E7199190C9A0}.Debug|ARM.ActiveCfg = Debug|Win32
		{65F86FC9-BBDC-4C93-AE26-E7199190C9A0}.Debug|ARM64.ActiveCfg = Debug|Win32
		{65F86FC9-BBDC-4C93-AE26-E7199190C9A0}.Debug|x64.ActiveCfg = Debug|x64
		{65F86FC9-BBDC-4C93-AE26-E7199190C9A0}.Debug|x64.Build.0 = Debug|x64
		{65F86FC9-BBDC-4C93-AE26-E7199190C9A0}.Debug|x86.ActiveCfg = Debug|Win32
		{65F86FC9-BBDC-4C93-AE26-E7199190C9A0}.Debug|x86.Build.0 = Debug|Win32
		{65F86FC9-BBDC-4C93-AE26-E7199190C9A0}.Release|ARM.ActiveCfg = Release|Win32
		{65F86FC9-BBDC-4C93-AE26-E7199190C9A0}.Release|ARM64.ActiveCfg = Release|Win32
		{65F86FC9-BBDC-4C93-AE26-E7199190C9A0}.Release|x64.ActiveCfg = Release|x64
		{65F86FC9-BBDC-4C93-AE26-E7199190C9A0}.Release|x64.Build.0 = Release|x64
		{65F86FC9-BBDC-4C93-AE26-E7199190C9A0}.Release|x86.ActiveCfg = Release|Win32
		{65F86FC9-BBDC-4C93-AE26-E7199190C9A0}.Release|x86.Build.0 = Release|Win32
		{7997E1CC-AC23-4928-8A67-77B737FE4FCA}.Debug|ARM.ActiveCfg = Debug|Win32
		{7997E1CC-AC23-4928-8A67-77B737FE4FCA}.Debug|ARM64.ActiveCfg = Debug|Win32
		{7997E1CC-AC23-4928-8A67-77B737FE4FCA}.Debug|x64.ActiveCfg = Debug|x64
		{7997E1CC-AC23-4928-8A67-77B737FE4FCA}.Debug|x64.Build.0 = Debug|x64
		{7997E1CC-AC23-4928-8A67-77B737FE4FCA}.Debug|x86.ActiveCfg = Debug|Win32
		{7997E1CC-AC23-4928-8A67-77B737FE4FCA}.Debug|x86.Build.0 = Debug|Win32
		{7997E1CC-AC23-4928-8A67-77B737FE4FCA}.Release|ARM.ActiveCfg = Release|Win32
		{7997E1CC-AC23-4928-8A67-77B737FE4FCA}.Release|ARM64.ActiveCfg = Release|Win32
		{7997E1CC-AC23-4928-8A67-77B737FE4FCA}.Release|x64.ActiveCfg = Release|x64
		{7997E1CC-AC23-4928-8A67-77B737FE4FCA}.Release|x64.Build.0 = Release|x64
		{7997E1CC-AC23-4928-8A67-77B737FE4FCA}.Release|x86.ActiveCfg = Release|Win32
		{7997E1CC-AC23-4928-8A67-77B737FE4FCA}.Release|x86.Build.0 = Release|Win32
		{5E1D2FAE-2E75-4CCD-A01D-60399500D77B}.Debug|ARM.ActiveCfg = Debug|Win32
		{5E1D2FAE-2E75-4CCD-A01D-60399500D77B}.Debug|ARM64.ActiveCfg = Debug|Win32
		{5E1D2FAE-2E75-4CCD-A01D-60399500D77B}.Debug|x64.ActiveCfg = Debug|x64
		{5E1D2FAE-2E75-4CCD-A01D-60399500D77B}.Debug|x64.Build.0 = Debug|x64
		{5E1D2FAE-2E75-4CCD-A01D-60399500D77B}.Debug|x86.ActiveCfg = Debug|Win32
		{5E1D2FAE-2E75-4CCD-A01D-60399500D77B}.Debug|x86.Build.0 = Debug|Win32
		{5E1D2FAE-2E75-4CCD-A01D-60399500D77B}.Release|ARM.ActiveCfg = Release|Win32
		{5E1D2FAE-2E75-4CCD-A01D-60399500D77B}.Release|ARM64.ActiveCfg = Release|Win32
		{5E1D2FAE-2E75-4CCD-A01D-60399500D77B}.Release|x64.ActiveCfg = Release|x64
		{5E1D2FAE-2E75-4CCD-A01D-60399500D77B}.Release|x64.Build.0 = Release|x64
		{5E1D2FAE-2E75-4CCD-A01D-60399500D77B}.Release|x86.ActiveCfg = Release|Win32
		{5E1D2FAE-2E75-4CCD-A01D-60399500D77B}.Release|x86.Build.0 = Release|Win32
	EndGlobalSection
	GlobalSection(SolutionProperties) = preSolution
		HideSolutionNode = FALSE
	EndGlobalSection
	GlobalSection(NestedProjects) = preSolution
		{B0EE0994-1953-45E9-9604-C7CDE9D7F865} = {9C085A37-60AC-49D6-96BE-92346C1C4E09}
		{D6F50900-2250-4AF9-98FD-1E6BEBA9535C} = {9C085A37-60AC-49D6-96BE-92346C1C4E09}
		{28504793-BFB7-41B9-BAAD-841F4EE9ABFC} = {87A46E8B-9D73-4321-A249-03B6DB3F3F7D}
		{2A0CFCEA-53E9-4982-BF1B-CE44745CBDE0} = {87A46E8B-9D73-4321-A249-03B6DB3F3F7D}
		{52B959FD-FAE3-449E-912C-1BB789CFE1D4} = {A459A795-B418-4DA9-86F4-A1E68ECAEA34}
		{9A8D8A0F-3916-4991-ABA6-5D1F2ED73952} = {A459A795-B418-4DA9-86F4-A1E68ECAEA34}
		{726FDD09-BF9C-4B08-A460-E35211404219} = {2EB2FBA8-FF1D-41D2-A466-F1AF8867AFA9}
		{C6D7A30D-6CC8-4386-B1CE-B4EB8BDB26D2} = {09FB1CA7-A7B1-41D5-BE2E-A5F92D9EA257}
		{B535A685-EDAD-422C-9293-3753463ECBC8} = {45392F0B-6481-402F-A530-C2DEE6BFE441}
		{CF648B01-8D54-4095-AF18-FA3F56F0C0D6} = {B535A685-EDAD-422C-9293-3753463ECBC8}
		{F6E86F42-7EAB-4D5A-9256-ABFFBAF6CF8F} = {B535A685-EDAD-422C-9293-3753463ECBC8}
		{30AC37C4-2B20-49A0-9D78-92F02CF65535} = {45392F0B-6481-402F-A530-C2DEE6BFE441}
		{10243ED8-2B04-4E6F-88A4-B33C758DD489} = {30AC37C4-2B20-49A0-9D78-92F02CF65535}
		{6BAB9CD6-3980-4B4C-9206-E3014908A25F} = {5B036A55-A570-4A16-8D15-BC900D1718E6}
		{5E91C075-A422-4279-A145-6C4FEFB966F2} = {45392F0B-6481-402F-A530-C2DEE6BFE441}
		{257D7D52-D624-4E83-93DD-E5FF9272F997} = {5E91C075-A422-4279-A145-6C4FEFB966F2}
		{BA496582-A5B1-4D1C-A015-3ACFA7CFDE46} = {ED94D986-5F82-4687-8BCA-6AD5CA413B81}
		{580C9A8F-3AC5-493B-9C11-D8165454B532} = {BA496582-A5B1-4D1C-A015-3ACFA7CFDE46}
		{2CC43844-52C7-48CF-A58D-D5F86522B664} = {EED88E74-D035-43CF-A094-A462DD06E1C7}
		{8FADE28D-D31A-419E-823C-7CC3E34744AD} = {253FC8F6-F80F-4493-ABAA-C63C44DA9A6D}
		{253FC8F6-F80F-4493-ABAA-C63C44DA9A6D} = {696732C1-03E1-4F5C-A42B-41A572E8EF4A}
		{4018EF88-402C-4A1C-87FB-139E0400A640} = {9B5EEB90-B2AC-4EC7-A4AF-0CD00F4D6198}
		{D8118999-836E-48E0-889E-B4E75995057D} = {EF8C17B1-FB97-4530-8A62-AB77827F925D}
		{A523B849-C9A3-4A92-894D-1FDBC4A34BDC} = {87A46E8B-9D73-4321-A249-03B6DB3F3F7D}
		{298EB7D4-AE5A-45FB-A027-673F54293035} = {87A46E8B-9D73-4321-A249-03B6DB3F3F7D}
		{C6520925-3CF2-48E2-AA84-F73693D4005B} = {A459A795-B418-4DA9-86F4-A1E68ECAEA34}
		{36E63243-8101-45AB-8106-FAE53F0C7937} = {5B036A55-A570-4A16-8D15-BC900D1718E6}
		{B1626A07-6632-4681-ACC6-39B6BD25C90E} = {39B329C9-1234-41D8-B366-B95A5DF7E9F2}
		{08B4DA49-27BE-4C21-BED2-106A1F1E89BE} = {5E91C075-A422-4279-A145-6C4FEFB966F2}
		{9CAA2B0C-EF98-4D09-99E7-88AA8464504A} = {5B036A55-A570-4A16-8D15-BC900D1718E6}
		{6DDB528D-A631-4094-9D57-98553A00C9D6} = {45E147F3-781B-48CD-936C-12AE723A00AF}
		{45E147F3-781B-48CD-936C-12AE723A00AF} = {45392F0B-6481-402F-A530-C2DEE6BFE441}
		{83053A61-82C3-4C58-B8DD-83223275DF76} = {2EB2FBA8-FF1D-41D2-A466-F1AF8867AFA9}
		{1445A248-F7A7-4D95-B9C5-B7107715482C} = {5B036A55-A570-4A16-8D15-BC900D1718E6}
		{021B5090-F09B-4C13-9C61-533C59723E9D} = {EED88E74-D035-43CF-A094-A462DD06E1C7}
		{7A0C621E-C447-4C0E-BDF7-CD8B413AFD27} = {4018EF88-402C-4A1C-87FB-139E0400A640}
		{CEE0F311-B16D-4A8E-A3B9-C4592D122265} = {7A0C621E-C447-4C0E-BDF7-CD8B413AFD27}
		{5F2B3ABA-9B8F-4334-92EC-E0100D1775E5} = {7A0C621E-C447-4C0E-BDF7-CD8B413AFD27}
		{2CA161C2-C6AC-4722-AB81-875B36F14287} = {7A0C621E-C447-4C0E-BDF7-CD8B413AFD27}
		{EF8C17B1-FB97-4530-8A62-AB77827F925D} = {4018EF88-402C-4A1C-87FB-139E0400A640}
		{898C7C7F-9B5B-4DC7-98EF-E3A2588B03C7} = {4018EF88-402C-4A1C-87FB-139E0400A640}
		{35F1284E-FB54-47B2-8205-D128840ADA83} = {898C7C7F-9B5B-4DC7-98EF-E3A2588B03C7}
		{B3B7AD74-636E-4BBC-83CA-4D45C1C3306E} = {5B036A55-A570-4A16-8D15-BC900D1718E6}
		{C88C1BC8-DB6F-4189-9F37-EE1F4DD045D5} = {4018EF88-402C-4A1C-87FB-139E0400A640}
		{72BEBD37-0FD3-4F20-A98B-F177A7896B7F} = {C88C1BC8-DB6F-4189-9F37-EE1F4DD045D5}
		{0ADB8D54-D653-4067-B606-71135F91F55F} = {5B036A55-A570-4A16-8D15-BC900D1718E6}
		{85C14792-D57D-4E82-9B8C-ABF3FC962843} = {7E3BAE8B-E3C0-45CC-B26A-4082B7D42B47}
		{22F24E75-B32E-4B3F-9669-5A839DECB744} = {45392F0B-6481-402F-A530-C2DEE6BFE441}
		{8EABAFC3-1947-4A64-8F33-A6FBC3D23EA3} = {22F24E75-B32E-4B3F-9669-5A839DECB744}
		{E9DE2F6E-C498-403D-95EC-3D6401397DB8} = {39B329C9-1234-41D8-B366-B95A5DF7E9F2}
		{9968FE09-84E5-43C6-9B19-C8F6C67C2711} = {39B329C9-1234-41D8-B366-B95A5DF7E9F2}
		{102868B5-36ED-4914-BD8A-9A6E6150F2A1} = {22F24E75-B32E-4B3F-9669-5A839DECB744}
		{9F699239-BC77-4873-8890-F7ACDC611D80} = {39B329C9-1234-41D8-B366-B95A5DF7E9F2}
		{4236AD98-15BC-4665-9279-FE304C262C6C} = {5B036A55-A570-4A16-8D15-BC900D1718E6}
		{03D5FC08-CC43-4B61-A224-B45469750E5F} = {87A46E8B-9D73-4321-A249-03B6DB3F3F7D}
		{0A4154E9-5ABB-4A8E-9894-E6DDB0D4A134} = {87A46E8B-9D73-4321-A249-03B6DB3F3F7D}
		{92BF2967-0591-413B-BF73-A0DDE8216741} = {87A46E8B-9D73-4321-A249-03B6DB3F3F7D}
		{6CF283F4-6A25-4547-909F-FB8F86120BC8} = {87A46E8B-9D73-4321-A249-03B6DB3F3F7D}
		{5C970AB7-536E-48F8-A51D-BC75FE1CB8C1} = {A1D797FA-F7F5-49B6-8E60-A5C51EC4568E}
		{A1D797FA-F7F5-49B6-8E60-A5C51EC4568E} = {45392F0B-6481-402F-A530-C2DEE6BFE441}
		{D9689F88-797E-43C3-B3BE-286A7FD4A824} = {87A46E8B-9D73-4321-A249-03B6DB3F3F7D}
		{C60AEDF4-2BD8-4059-B2D1-CB2093B40C72} = {22F24E75-B32E-4B3F-9669-5A839DECB744}
		{6ABF99DE-19A1-4896-8735-B556289F627A} = {45392F0B-6481-402F-A530-C2DEE6BFE441}
		{AE48F8D7-DC74-48B6-9ABE-7028BA7EC367} = {87A46E8B-9D73-4321-A249-03B6DB3F3F7D}
		{D767D390-803C-489C-93F3-0F567E1E5C9B} = {4018EF88-402C-4A1C-87FB-139E0400A640}
		{F78FD1A7-F38B-49B1-9BD6-DE78601FF0D9} = {4018EF88-402C-4A1C-87FB-139E0400A640}
		{0D8CE167-8CB5-4FB8-A75A-A37EB7D638B5} = {2A13AA75-DA05-4A99-BBA7-B6E9D34CD49B}
		{EFBB0386-37E5-4CD3-82F7-A1D64BE280F8} = {3EFD499A-9C26-4B95-B643-8EF2068F6F73}
		{793AECB0-7348-444D-81DE-8423476E08E6} = {3EFD499A-9C26-4B95-B643-8EF2068F6F73}
		{3D76B5B9-CAAE-4803-A42F-8D0BDA04A6CF} = {3EFD499A-9C26-4B95-B643-8EF2068F6F73}
		{F38D2C4A-90DE-48FB-9FED-1CA9CF59F4DB} = {EED88E74-D035-43CF-A094-A462DD06E1C7}
		{3EFD499A-9C26-4B95-B643-8EF2068F6F73} = {4018EF88-402C-4A1C-87FB-139E0400A640}
		{65F86FC9-BBDC-4C93-AE26-E7199190C9A0} = {3EFD499A-9C26-4B95-B643-8EF2068F6F73}
		{7997E1CC-AC23-4928-8A67-77B737FE4FCA} = {B535A685-EDAD-422C-9293-3753463ECBC8}
		{5E1D2FAE-2E75-4CCD-A01D-60399500D77B} = {3EFD499A-9C26-4B95-B643-8EF2068F6F73}
	EndGlobalSection
	GlobalSection(ExtensibilityGlobals) = postSolution
		SolutionGuid = {5EE31CA2-E6DB-48DC-A6B1-513B20CE7AB3}
	EndGlobalSection
EndGlobal
